// !$*UTF8*$!
{
	archiveVersion = 1;
	classes = {};
	objectVersion = 77;
	objects = {

/* Begin PBXBuildFile section */
		A10000000000000000000001 /* DocumentStatistics.swift in Sources */ = {isa = PBXBuildFile; fileRef = A20000000000000000000001 /* DocumentStatistics.swift */; };
		A10000000000000000000002 /* EditorMode.swift in Sources */ = {isa = PBXBuildFile; fileRef = A20000000000000000000002 /* EditorMode.swift */; };
		A10000000000000000000003 /* EditorWorkspace.swift in Sources */ = {isa = PBXBuildFile; fileRef = A20000000000000000000003 /* EditorWorkspace.swift */; };
		A10000000000000000000004 /* MKTownEditorApp.swift in Sources */ = {isa = PBXBuildFile; fileRef = A20000000000000000000004 /* MKTownEditorApp.swift */; };
		A10000000000000000000005 /* MarkdownCommands.swift in Sources */ = {isa = PBXBuildFile; fileRef = A20000000000000000000005 /* MarkdownCommands.swift */; };
		A10000000000000000000006 /* MarkdownDocument.swift in Sources */ = {isa = PBXBuildFile; fileRef = A20000000000000000000006 /* MarkdownDocument.swift */; };
		A10000000000000000000007 /* MarkdownEditorModel.swift in Sources */ = {isa = PBXBuildFile; fileRef = A20000000000000000000007 /* MarkdownEditorModel.swift */; };
		A10000000000000000000008 /* MarkdownFormatter.swift in Sources */ = {isa = PBXBuildFile; fileRef = A20000000000000000000008 /* MarkdownFormatter.swift */; };
		A10000000000000000000009 /* MarkdownPreview.swift in Sources */ = {isa = PBXBuildFile; fileRef = A20000000000000000000009 /* MarkdownPreview.swift */; };
		A1000000000000000000000A /* MarkdownRenderer.swift in Sources */ = {isa = PBXBuildFile; fileRef = A2000000000000000000000A /* MarkdownRenderer.swift */; };
		A1000000000000000000000B /* MarkdownTextEditor.swift in Sources */ = {isa = PBXBuildFile; fileRef = A2000000000000000000000B /* MarkdownTextEditor.swift */; };
		A1000000000000000000000E /* MarkdownPositionMap.swift in Sources */ = {isa = PBXBuildFile; fileRef = A2000000000000000000000E /* MarkdownPositionMap.swift */; };
		A1000000000000000000000F /* MarkdownAnalysis.swift in Sources */ = {isa = PBXBuildFile; fileRef = A2000000000000000000000F /* MarkdownAnalysis.swift */; };
		A10000000000000000000010 /* DocumentContext.swift in Sources */ = {isa = PBXBuildFile; fileRef = A20000000000000000000010 /* DocumentContext.swift */; };
		A10000000000000000000011 /* EditorSettings.swift in Sources */ = {isa = PBXBuildFile; fileRef = A20000000000000000000011 /* EditorSettings.swift */; };
		A10000000000000000000012 /* EditorCommand.swift in Sources */ = {isa = PBXBuildFile; fileRef = A20000000000000000000012 /* EditorCommand.swift */; };
		A10000000000000000000013 /* MarkdownLinkSyntax.swift in Sources */ = {isa = PBXBuildFile; fileRef = A20000000000000000000013 /* MarkdownLinkSyntax.swift */; };
		A10000000000000000000014 /* ImageResourceManager.swift in Sources */ = {isa = PBXBuildFile; fileRef = A20000000000000000000014 /* ImageResourceManager.swift */; };
		A10000000000000000000015 /* ImageEditorSheet.swift in Sources */ = {isa = PBXBuildFile; fileRef = A20000000000000000000015 /* ImageEditorSheet.swift */; };
		A10000000000000000000016 /* MarkdownSyntaxHighlighter.swift in Sources */ = {isa = PBXBuildFile; fileRef = A20000000000000000000016 /* MarkdownSyntaxHighlighter.swift */; };
		A10000000000000000000017 /* MarkdownLineNumberRulerView.swift in Sources */ = {isa = PBXBuildFile; fileRef = A20000000000000000000017 /* MarkdownLineNumberRulerView.swift */; };
		A10000000000000000000018 /* MarkdownLineContinuation.swift in Sources */ = {isa = PBXBuildFile; fileRef = A20000000000000000000018 /* MarkdownLineContinuation.swift */; };
		A10000000000000000000019 /* MarkdownIndentation.swift in Sources */ = {isa = PBXBuildFile; fileRef = A20000000000000000000019 /* MarkdownIndentation.swift */; };
		A1000000000000000000001A /* MarkdownSymbolCompletion.swift in Sources */ = {isa = PBXBuildFile; fileRef = A2000000000000000000001A /* MarkdownSymbolCompletion.swift */; };
		A1000000000000000000001B /* MarkdownTableInsertion.swift in Sources */ = {isa = PBXBuildFile; fileRef = A2000000000000000000001B /* MarkdownTableInsertion.swift */; };
		A1000000000000000000001C /* TableInsertionSheet.swift in Sources */ = {isa = PBXBuildFile; fileRef = A2000000000000000000001C /* TableInsertionSheet.swift */; };
		A1000000000000000000001D /* EditorPreferencesView.swift in Sources */ = {isa = PBXBuildFile; fileRef = A2000000000000000000001D /* EditorPreferencesView.swift */; };
		A1000000000000000000001E /* DocumentAnalysisStore.swift in Sources */ = {isa = PBXBuildFile; fileRef = A2000000000000000000001E /* DocumentAnalysisStore.swift */; };
		A1000000000000000000001F /* MarkdownOutline.swift in Sources */ = {isa = PBXBuildFile; fileRef = A2000000000000000000001F /* MarkdownOutline.swift */; };
		A10000000000000000000020 /* MarkdownLineIndex.swift in Sources */ = {isa = PBXBuildFile; fileRef = A20000000000000000000020 /* MarkdownLineIndex.swift */; };
		A10000000000000000000021 /* GoToLineSheet.swift in Sources */ = {isa = PBXBuildFile; fileRef = A20000000000000000000021 /* GoToLineSheet.swift */; };
		A10000000000000000000022 /* GoToHeadingSheet.swift in Sources */ = {isa = PBXBuildFile; fileRef = A20000000000000000000022 /* GoToHeadingSheet.swift */; };
		A10000000000000000000023 /* NavigationHistory.swift in Sources */ = {isa = PBXBuildFile; fileRef = A20000000000000000000023 /* NavigationHistory.swift */; };
		A10000000000000000000024 /* MarkdownHeadingIndex.swift in Sources */ = {isa = PBXBuildFile; fileRef = A20000000000000000000024 /* MarkdownHeadingIndex.swift */; };
		A10000000000000000000025 /* MarkdownDocumentLink.swift in Sources */ = {isa = PBXBuildFile; fileRef = A20000000000000000000025 /* MarkdownDocumentLink.swift */; };
		A10000000000000000000026 /* FilePathCompletion.swift in Sources */ = {isa = PBXBuildFile; fileRef = A20000000000000000000026 /* FilePathCompletion.swift */; };
		A10000000000000000000027 /* MarkdownLinkCompletion.swift in Sources */ = {isa = PBXBuildFile; fileRef = A20000000000000000000027 /* MarkdownLinkCompletion.swift */; };
		A10000000000000000000028 /* MarkdownURLPaste.swift in Sources */ = {isa = PBXBuildFile; fileRef = A20000000000000000000028 /* MarkdownURLPaste.swift */; };
		A10000000000000000000029 /* MarkdownLinkDiagnostics.swift in Sources */ = {isa = PBXBuildFile; fileRef = A20000000000000000000029 /* MarkdownLinkDiagnostics.swift */; };
		A10000000000000000000030 /* PreviewScrollSync.swift in Sources */ = {isa = PBXBuildFile; fileRef = A20000000000000000000030 /* PreviewScrollSync.swift */; };
		A10000000000000000000031 /* PreviewTypography.swift in Sources */ = {isa = PBXBuildFile; fileRef = A20000000000000000000031 /* PreviewTypography.swift */; };
/* End PBXBuildFile section */

/* Begin PBXFileReference section */
		A20000000000000000000001 /* DocumentStatistics.swift */ = {isa = PBXFileReference; lastKnownFileType = sourcecode.swift; path = DocumentStatistics.swift; sourceTree = "<group>"; };
		A20000000000000000000002 /* EditorMode.swift */ = {isa = PBXFileReference; lastKnownFileType = sourcecode.swift; path = EditorMode.swift; sourceTree = "<group>"; };
		A20000000000000000000003 /* EditorWorkspace.swift */ = {isa = PBXFileReference; lastKnownFileType = sourcecode.swift; path = EditorWorkspace.swift; sourceTree = "<group>"; };
		A20000000000000000000004 /* MKTownEditorApp.swift */ = {isa = PBXFileReference; lastKnownFileType = sourcecode.swift; path = MKTownEditorApp.swift; sourceTree = "<group>"; };
		A20000000000000000000005 /* MarkdownCommands.swift */ = {isa = PBXFileReference; lastKnownFileType = sourcecode.swift; path = MarkdownCommands.swift; sourceTree = "<group>"; };
		A20000000000000000000006 /* MarkdownDocument.swift */ = {isa = PBXFileReference; lastKnownFileType = sourcecode.swift; path = MarkdownDocument.swift; sourceTree = "<group>"; };
		A20000000000000000000007 /* MarkdownEditorModel.swift */ = {isa = PBXFileReference; lastKnownFileType = sourcecode.swift; path = MarkdownEditorModel.swift; sourceTree = "<group>"; };
		A20000000000000000000008 /* MarkdownFormatter.swift */ = {isa = PBXFileReference; lastKnownFileType = sourcecode.swift; path = MarkdownFormatter.swift; sourceTree = "<group>"; };
		A20000000000000000000009 /* MarkdownPreview.swift */ = {isa = PBXFileReference; lastKnownFileType = sourcecode.swift; path = MarkdownPreview.swift; sourceTree = "<group>"; };
		A2000000000000000000000A /* MarkdownRenderer.swift */ = {isa = PBXFileReference; lastKnownFileType = sourcecode.swift; path = MarkdownRenderer.swift; sourceTree = "<group>"; };
		A2000000000000000000000B /* MarkdownTextEditor.swift */ = {isa = PBXFileReference; lastKnownFileType = sourcecode.swift; path = MarkdownTextEditor.swift; sourceTree = "<group>"; };
		A2000000000000000000000C /* Info.plist */ = {isa = PBXFileReference; lastKnownFileType = text.plist.xml; path = Info.plist; sourceTree = "<group>"; };
		A2000000000000000000000D /* MKTownEditor.app */ = {isa = PBXFileReference; explicitFileType = wrapper.application; includeInIndex = 0; path = MKTownEditor.app; sourceTree = BUILT_PRODUCTS_DIR; };
		A2000000000000000000000E /* MarkdownPositionMap.swift */ = {isa = PBXFileReference; lastKnownFileType = sourcecode.swift; path = MarkdownPositionMap.swift; sourceTree = "<group>"; };
		A2000000000000000000000F /* MarkdownAnalysis.swift */ = {isa = PBXFileReference; lastKnownFileType = sourcecode.swift; path = MarkdownAnalysis.swift; sourceTree = "<group>"; };
		A20000000000000000000010 /* DocumentContext.swift */ = {isa = PBXFileReference; lastKnownFileType = sourcecode.swift; path = DocumentContext.swift; sourceTree = "<group>"; };
		A20000000000000000000011 /* EditorSettings.swift */ = {isa = PBXFileReference; lastKnownFileType = sourcecode.swift; path = EditorSettings.swift; sourceTree = "<group>"; };
		A20000000000000000000012 /* EditorCommand.swift */ = {isa = PBXFileReference; lastKnownFileType = sourcecode.swift; path = EditorCommand.swift; sourceTree = "<group>"; };
		A20000000000000000000013 /* MarkdownLinkSyntax.swift */ = {isa = PBXFileReference; lastKnownFileType = sourcecode.swift; path = MarkdownLinkSyntax.swift; sourceTree = "<group>"; };
		A20000000000000000000014 /* ImageResourceManager.swift */ = {isa = PBXFileReference; lastKnownFileType = sourcecode.swift; path = ImageResourceManager.swift; sourceTree = "<group>"; };
		A20000000000000000000015 /* ImageEditorSheet.swift */ = {isa = PBXFileReference; lastKnownFileType = sourcecode.swift; path = ImageEditorSheet.swift; sourceTree = "<group>"; };
		A20000000000000000000016 /* MarkdownSyntaxHighlighter.swift */ = {isa = PBXFileReference; lastKnownFileType = sourcecode.swift; path = MarkdownSyntaxHighlighter.swift; sourceTree = "<group>"; };
		A20000000000000000000017 /* MarkdownLineNumberRulerView.swift */ = {isa = PBXFileReference; lastKnownFileType = sourcecode.swift; path = MarkdownLineNumberRulerView.swift; sourceTree = "<group>"; };
		A20000000000000000000018 /* MarkdownLineContinuation.swift */ = {isa = PBXFileReference; lastKnownFileType = sourcecode.swift; path = MarkdownLineContinuation.swift; sourceTree = "<group>"; };
		A20000000000000000000019 /* MarkdownIndentation.swift */ = {isa = PBXFileReference; lastKnownFileType = sourcecode.swift; path = MarkdownIndentation.swift; sourceTree = "<group>"; };
		A2000000000000000000001A /* MarkdownSymbolCompletion.swift */ = {isa = PBXFileReference; lastKnownFileType = sourcecode.swift; path = MarkdownSymbolCompletion.swift; sourceTree = "<group>"; };
		A2000000000000000000001B /* MarkdownTableInsertion.swift */ = {isa = PBXFileReference; lastKnownFileType = sourcecode.swift; path = MarkdownTableInsertion.swift; sourceTree = "<group>"; };
		A2000000000000000000001C /* TableInsertionSheet.swift */ = {isa = PBXFileReference; lastKnownFileType = sourcecode.swift; path = TableInsertionSheet.swift; sourceTree = "<group>"; };
		A2000000000000000000001D /* EditorPreferencesView.swift */ = {isa = PBXFileReference; lastKnownFileType = sourcecode.swift; path = EditorPreferencesView.swift; sourceTree = "<group>"; };
		A2000000000000000000001E /* DocumentAnalysisStore.swift */ = {isa = PBXFileReference; lastKnownFileType = sourcecode.swift; path = DocumentAnalysisStore.swift; sourceTree = "<group>"; };
		A2000000000000000000001F /* MarkdownOutline.swift */ = {isa = PBXFileReference; lastKnownFileType = sourcecode.swift; path = MarkdownOutline.swift; sourceTree = "<group>"; };
		A20000000000000000000020 /* MarkdownLineIndex.swift */ = {isa = PBXFileReference; lastKnownFileType = sourcecode.swift; path = MarkdownLineIndex.swift; sourceTree = "<group>"; };
		A20000000000000000000021 /* GoToLineSheet.swift */ = {isa = PBXFileReference; lastKnownFileType = sourcecode.swift; path = GoToLineSheet.swift; sourceTree = "<group>"; };
		A20000000000000000000022 /* GoToHeadingSheet.swift */ = {isa = PBXFileReference; lastKnownFileType = sourcecode.swift; path = GoToHeadingSheet.swift; sourceTree = "<group>"; };
		A20000000000000000000023 /* NavigationHistory.swift */ = {isa = PBXFileReference; lastKnownFileType = sourcecode.swift; path = NavigationHistory.swift; sourceTree = "<group>"; };
		A20000000000000000000024 /* MarkdownHeadingIndex.swift */ = {isa = PBXFileReference; lastKnownFileType = sourcecode.swift; path = MarkdownHeadingIndex.swift; sourceTree = "<group>"; };
		A20000000000000000000025 /* MarkdownDocumentLink.swift */ = {isa = PBXFileReference; lastKnownFileType = sourcecode.swift; path = MarkdownDocumentLink.swift; sourceTree = "<group>"; };
		A20000000000000000000026 /* FilePathCompletion.swift */ = {isa = PBXFileReference; lastKnownFileType = sourcecode.swift; path = FilePathCompletion.swift; sourceTree = "<group>"; };
		A20000000000000000000027 /* MarkdownLinkCompletion.swift */ = {isa = PBXFileReference; lastKnownFileType = sourcecode.swift; path = MarkdownLinkCompletion.swift; sourceTree = "<group>"; };
		A20000000000000000000028 /* MarkdownURLPaste.swift */ = {isa = PBXFileReference; lastKnownFileType = sourcecode.swift; path = MarkdownURLPaste.swift; sourceTree = "<group>"; };
		A20000000000000000000029 /* MarkdownLinkDiagnostics.swift */ = {isa = PBXFileReference; lastKnownFileType = sourcecode.swift; path = MarkdownLinkDiagnostics.swift; sourceTree = "<group>"; };
		A20000000000000000000030 /* PreviewScrollSync.swift */ = {isa = PBXFileReference; lastKnownFileType = sourcecode.swift; path = PreviewScrollSync.swift; sourceTree = "<group>"; };
		A20000000000000000000031 /* PreviewTypography.swift */ = {isa = PBXFileReference; lastKnownFileType = sourcecode.swift; path = PreviewTypography.swift; sourceTree = "<group>"; };
/* End PBXFileReference section */

/* Begin PBXFrameworksBuildPhase section */
		A30000000000000000000001 /* Frameworks */ = {isa = PBXFrameworksBuildPhase; buildActionMask = 2147483647; files = (); runOnlyForDeploymentPostprocessing = 0; };
/* End PBXFrameworksBuildPhase section */

/* Begin PBXGroup section */
		A40000000000000000000001 = {
			isa = PBXGroup;
			children = (
				A40000000000000000000002 /* MKTownEditor */,
				A40000000000000000000003 /* Support */,
				A40000000000000000000004 /* Products */,
			);
			sourceTree = "<group>";
		};
		A40000000000000000000002 /* MKTownEditor */ = {
			isa = PBXGroup;
			children = (
				A20000000000000000000001 /* DocumentStatistics.swift */,
				A20000000000000000000002 /* EditorMode.swift */,
				A20000000000000000000003 /* EditorWorkspace.swift */,
				A20000000000000000000004 /* MKTownEditorApp.swift */,
				A20000000000000000000005 /* MarkdownCommands.swift */,
				A20000000000000000000006 /* MarkdownDocument.swift */,
				A20000000000000000000007 /* MarkdownEditorModel.swift */,
				A20000000000000000000008 /* MarkdownFormatter.swift */,
				A20000000000000000000009 /* MarkdownPreview.swift */,
				A2000000000000000000000A /* MarkdownRenderer.swift */,
				A2000000000000000000000B /* MarkdownTextEditor.swift */,
				A2000000000000000000000E /* MarkdownPositionMap.swift */,
				A2000000000000000000000F /* MarkdownAnalysis.swift */,
				A20000000000000000000010 /* DocumentContext.swift */,
				A20000000000000000000011 /* EditorSettings.swift */,
				A20000000000000000000012 /* EditorCommand.swift */,
				A20000000000000000000013 /* MarkdownLinkSyntax.swift */,
				A20000000000000000000014 /* ImageResourceManager.swift */,
				A20000000000000000000015 /* ImageEditorSheet.swift */,
				A20000000000000000000016 /* MarkdownSyntaxHighlighter.swift */,
				A20000000000000000000017 /* MarkdownLineNumberRulerView.swift */,
				A20000000000000000000018 /* MarkdownLineContinuation.swift */,
				A20000000000000000000019 /* MarkdownIndentation.swift */,
				A2000000000000000000001A /* MarkdownSymbolCompletion.swift */,
				A2000000000000000000001B /* MarkdownTableInsertion.swift */,
				A2000000000000000000001C /* TableInsertionSheet.swift */,
				A2000000000000000000001D /* EditorPreferencesView.swift */,
				A2000000000000000000001E /* DocumentAnalysisStore.swift */,
				A2000000000000000000001F /* MarkdownOutline.swift */,
				A20000000000000000000020 /* MarkdownLineIndex.swift */,
				A20000000000000000000021 /* GoToLineSheet.swift */,
				A20000000000000000000022 /* GoToHeadingSheet.swift */,
				A20000000000000000000023 /* NavigationHistory.swift */,
				A20000000000000000000024 /* MarkdownHeadingIndex.swift */,
				A20000000000000000000025 /* MarkdownDocumentLink.swift */,
				A20000000000000000000026 /* FilePathCompletion.swift */,
				A20000000000000000000027 /* MarkdownLinkCompletion.swift */,
				A20000000000000000000028 /* MarkdownURLPaste.swift */,
				A20000000000000000000029 /* MarkdownLinkDiagnostics.swift */,
				A20000000000000000000030 /* PreviewScrollSync.swift */,
				A20000000000000000000031 /* PreviewTypography.swift */,
			);
			path = Sources/MKTownEditor;
			sourceTree = "<group>";
		};
		A40000000000000000000003 /* Support */ = {
			isa = PBXGroup;
			children = (A2000000000000000000000C /* Info.plist */,);
			path = Support;
			sourceTree = "<group>";
		};
		A40000000000000000000004 /* Products */ = {
			isa = PBXGroup;
			children = (A2000000000000000000000D /* MKTownEditor.app */,);
			name = Products;
			sourceTree = "<group>";
		};
/* End PBXGroup section */

/* Begin PBXNativeTarget section */
		A50000000000000000000001 /* MKTownEditor */ = {
			isa = PBXNativeTarget;
			buildConfigurationList = A90000000000000000000002 /* Build configuration list for PBXNativeTarget "MKTownEditor" */;
			buildPhases = (
				A70000000000000000000001 /* Sources */,
				A30000000000000000000001 /* Frameworks */,
				A60000000000000000000001 /* Resources */,
			);
			buildRules = ();
			dependencies = ();
			name = MKTownEditor;
			productName = MKTownEditor;
			productReference = A2000000000000000000000D /* MKTownEditor.app */;
			productType = "com.apple.product-type.application";
		};
/* End PBXNativeTarget section */

/* Begin PBXProject section */
		A80000000000000000000001 /* Project object */ = {
			isa = PBXProject;
			attributes = {
				BuildIndependentTargetsInParallel = 1;
				LastSwiftUpdateCheck = 2700;
				LastUpgradeCheck = 2700;
				TargetAttributes = { A50000000000000000000001 = { CreatedOnToolsVersion = 27.0; }; };
			};
			buildConfigurationList = A90000000000000000000001 /* Build configuration list for PBXProject "MKTownEditor" */;
			compatibilityVersion = "Xcode 16.0";
			developmentRegion = en;
			hasScannedForEncodings = 0;
			knownRegions = (en, Base);
			mainGroup = A40000000000000000000001;
			productRefGroup = A40000000000000000000004 /* Products */;
			projectDirPath = "";
			projectRoot = "";
			targets = (A50000000000000000000001 /* MKTownEditor */,);
		};
/* End PBXProject section */

/* Begin PBXResourcesBuildPhase section */
		A60000000000000000000001 /* Resources */ = {isa = PBXResourcesBuildPhase; buildActionMask = 2147483647; files = (); runOnlyForDeploymentPostprocessing = 0; };
/* End PBXResourcesBuildPhase section */

/* Begin PBXSourcesBuildPhase section */
		A70000000000000000000001 /* Sources */ = {
			isa = PBXSourcesBuildPhase;
			buildActionMask = 2147483647;
			files = (
				A10000000000000000000001 /* DocumentStatistics.swift in Sources */,
				A10000000000000000000002 /* EditorMode.swift in Sources */,
				A10000000000000000000003 /* EditorWorkspace.swift in Sources */,
				A10000000000000000000004 /* MKTownEditorApp.swift in Sources */,
				A10000000000000000000005 /* MarkdownCommands.swift in Sources */,
				A10000000000000000000006 /* MarkdownDocument.swift in Sources */,
				A10000000000000000000007 /* MarkdownEditorModel.swift in Sources */,
				A10000000000000000000008 /* MarkdownFormatter.swift in Sources */,
				A10000000000000000000009 /* MarkdownPreview.swift in Sources */,
				A1000000000000000000000A /* MarkdownRenderer.swift in Sources */,
				A1000000000000000000000B /* MarkdownTextEditor.swift in Sources */,
				A1000000000000000000000E /* MarkdownPositionMap.swift in Sources */,
				A1000000000000000000000F /* MarkdownAnalysis.swift in Sources */,
				A10000000000000000000010 /* DocumentContext.swift in Sources */,
				A10000000000000000000011 /* EditorSettings.swift in Sources */,
				A10000000000000000000012 /* EditorCommand.swift in Sources */,
				A10000000000000000000013 /* MarkdownLinkSyntax.swift in Sources */,
				A10000000000000000000014 /* ImageResourceManager.swift in Sources */,
				A10000000000000000000015 /* ImageEditorSheet.swift in Sources */,
				A10000000000000000000016 /* MarkdownSyntaxHighlighter.swift in Sources */,
				A10000000000000000000017 /* MarkdownLineNumberRulerView.swift in Sources */,
				A10000000000000000000018 /* MarkdownLineContinuation.swift in Sources */,
				A10000000000000000000019 /* MarkdownIndentation.swift in Sources */,
				A1000000000000000000001A /* MarkdownSymbolCompletion.swift in Sources */,
				A1000000000000000000001B /* MarkdownTableInsertion.swift in Sources */,
				A1000000000000000000001C /* TableInsertionSheet.swift in Sources */,
				A1000000000000000000001D /* EditorPreferencesView.swift in Sources */,
				A1000000000000000000001E /* DocumentAnalysisStore.swift in Sources */,
				A1000000000000000000001F /* MarkdownOutline.swift in Sources */,
				A10000000000000000000020 /* MarkdownLineIndex.swift in Sources */,
				A10000000000000000000021 /* GoToLineSheet.swift in Sources */,
				A10000000000000000000022 /* GoToHeadingSheet.swift in Sources */,
				A10000000000000000000023 /* NavigationHistory.swift in Sources */,
				A10000000000000000000024 /* MarkdownHeadingIndex.swift in Sources */,
				A10000000000000000000025 /* MarkdownDocumentLink.swift in Sources */,
				A10000000000000000000026 /* FilePathCompletion.swift in Sources */,
				A10000000000000000000027 /* MarkdownLinkCompletion.swift in Sources */,
				A10000000000000000000028 /* MarkdownURLPaste.swift in Sources */,
				A10000000000000000000029 /* MarkdownLinkDiagnostics.swift in Sources */,
				A10000000000000000000030 /* PreviewScrollSync.swift in Sources */,
				A10000000000000000000031 /* PreviewTypography.swift in Sources */,
			);
			runOnlyForDeploymentPostprocessing = 0;
		};
/* End PBXSourcesBuildPhase section */

/* Begin XCBuildConfiguration section */
		B10000000000000000000001 /* Debug */ = {isa = XCBuildConfiguration; buildSettings = { CLANG_ENABLE_MODULES = YES; ENABLE_TESTABILITY = YES; MACOSX_DEPLOYMENT_TARGET = 14.0; SDKROOT = macosx; SUPPORTED_PLATFORMS = macosx; SWIFT_OPTIMIZATION_LEVEL = "-Onone"; SWIFT_VERSION = 6.0; }; name = Debug; };
		B10000000000000000000002 /* Release */ = {isa = XCBuildConfiguration; buildSettings = { CLANG_ENABLE_MODULES = YES; MACOSX_DEPLOYMENT_TARGET = 14.0; SDKROOT = macosx; SUPPORTED_PLATFORMS = macosx; SWIFT_COMPILATION_MODE = wholemodule; SWIFT_OPTIMIZATION_LEVEL = "-O"; SWIFT_VERSION = 6.0; }; name = Release; };
		B10000000000000000000003 /* Debug */ = {
			isa = XCBuildConfiguration;
			buildSettings = {
				CODE_SIGN_STYLE = Automatic;
				COMBINE_HIDPI_IMAGES = YES;
				CURRENT_PROJECT_VERSION = 1;
				DEVELOPMENT_LANGUAGE = en;
				GENERATE_INFOPLIST_FILE = NO;
				INFOPLIST_FILE = Support/Info.plist;
				MARKETING_VERSION = 1.0;
				PRODUCT_BUNDLE_IDENTIFIER = com.mktown.editor;
				PRODUCT_NAME = "$(TARGET_NAME)";
				SUPPORTED_PLATFORMS = macosx;
				SWIFT_EMIT_LOC_STRINGS = YES;
			};
			name = Debug;
		};
		B10000000000000000000004 /* Release */ = {
			isa = XCBuildConfiguration;
			buildSettings = {
				CODE_SIGN_STYLE = Automatic;
				COMBINE_HIDPI_IMAGES = YES;
				CURRENT_PROJECT_VERSION = 1;
				DEVELOPMENT_LANGUAGE = en;
				GENERATE_INFOPLIST_FILE = NO;
				INFOPLIST_FILE = Support/Info.plist;
				MARKETING_VERSION = 1.0;
				PRODUCT_BUNDLE_IDENTIFIER = com.mktown.editor;
				PRODUCT_NAME = "$(TARGET_NAME)";
				SUPPORTED_PLATFORMS = macosx;
				SWIFT_EMIT_LOC_STRINGS = YES;
			};
			name = Release;
		};
/* End XCBuildConfiguration section */

/* Begin XCConfigurationList section */
		A90000000000000000000001 /* Build configuration list for PBXProject "MKTownEditor" */ = {isa = XCConfigurationList; buildConfigurations = (B10000000000000000000001 /* Debug */, B10000000000000000000002 /* Release */); defaultConfigurationIsVisible = 0; defaultConfigurationName = Release; };
		A90000000000000000000002 /* Build configuration list for PBXNativeTarget "MKTownEditor" */ = {isa = XCConfigurationList; buildConfigurations = (B10000000000000000000003 /* Debug */, B10000000000000000000004 /* Release */); defaultConfigurationIsVisible = 0; defaultConfigurationName = Release; };
/* End XCConfigurationList section */
	};
	rootObject = A80000000000000000000001 /* Project object */;
}
