// !$*UTF8*$!
{
	archiveVersion = 1;
	classes = {};
	objectVersion = 77;
	objects = {

/* Begin PBXBuildFile section */
		A10000000000000000000001 /* DocumentStatistics.swift in Sources */ = {isa = PBXBuildFile; fileRef = A20000000000000000000001 /* DocumentStatistics.swift */; };
		A10000000000000000000002 /* EditorMode.swift in Sources */ = {isa = PBXBuildFile; fileRef = A20000000000000000000002 /* EditorMode.swift */; };
		A10000000000000000000003 /* EditorWorkspace.swift in Sources */ = {isa = PBXBuildFile; fileRef = A20000000000000000000003 /* EditorWorkspace.swift */; };
		A10000000000000000000004 /* MKTownEditorApp.swift in Sources */ = {isa = PBXBuildFile; fileRef = A20000000000000000000004 /* MKTownEditorApp.swift */; };
		A10000000000000000000005 /* MarkdownCommands.swift in Sources */ = {isa = PBXBuildFile; fileRef = A20000000000000000000005 /* MarkdownCommands.swift */; };
		A10000000000000000000006 /* MarkdownDocument.swift in Sources */ = {isa = PBXBuildFile; fileRef = A20000000000000000000006 /* MarkdownDocument.swift */; };
		A10000000000000000000007 /* MarkdownEditorModel.swift in Sources */ = {isa = PBXBuildFile; fileRef = A20000000000000000000007 /* MarkdownEditorModel.swift */; };
		A10000000000000000000008 /* MarkdownFormatter.swift in Sources */ = {isa = PBXBuildFile; fileRef = A20000000000000000000008 /* MarkdownFormatter.swift */; };
		A10000000000000000000009 /* MarkdownPreview.swift in Sources */ = {isa = PBXBuildFile; fileRef = A20000000000000000000009 /* MarkdownPreview.swift */; };
		A1000000000000000000000A /* MarkdownRenderer.swift in Sources */ = {isa = PBXBuildFile; fileRef = A2000000000000000000000A /* MarkdownRenderer.swift */; };
		A1000000000000000000000B /* MarkdownTextEditor.swift in Sources */ = {isa = PBXBuildFile; fileRef = A2000000000000000000000B /* MarkdownTextEditor.swift */; };
		A1000000000000000000000E /* MarkdownPositionMap.swift in Sources */ = {isa = PBXBuildFile; fileRef = A2000000000000000000000E /* MarkdownPositionMap.swift */; };
		A1000000000000000000000F /* MarkdownAnalysis.swift in Sources */ = {isa = PBXBuildFile; fileRef = A2000000000000000000000F /* MarkdownAnalysis.swift */; };
		A10000000000000000000010 /* DocumentContext.swift in Sources */ = {isa = PBXBuildFile; fileRef = A20000000000000000000010 /* DocumentContext.swift */; };
		A10000000000000000000011 /* EditorSettings.swift in Sources */ = {isa = PBXBuildFile; fileRef = A20000000000000000000011 /* EditorSettings.swift */; };
		A10000000000000000000012 /* EditorCommand.swift in Sources */ = {isa = PBXBuildFile; fileRef = A20000000000000000000012 /* EditorCommand.swift */; };
		A10000000000000000000013 /* MarkdownLinkSyntax.swift in Sources */ = {isa = PBXBuildFile; fileRef = A20000000000000000000013 /* MarkdownLinkSyntax.swift */; };
		A10000000000000000000014 /* ImageResourceManager.swift in Sources */ = {isa = PBXBuildFile; fileRef = A20000000000000000000014 /* ImageResourceManager.swift */; };
		A10000000000000000000015 /* ImageEditorSheet.swift in Sources */ = {isa = PBXBuildFile; fileRef = A20000000000000000000015 /* ImageEditorSheet.swift */; };
		A10000000000000000000016 /* MarkdownSyntaxHighlighter.swift in Sources */ = {isa = PBXBuildFile; fileRef = A20000000000000000000016 /* MarkdownSyntaxHighlighter.swift */; };
		A10000000000000000000017 /* MarkdownLineNumberRulerView.swift in Sources */ = {isa = PBXBuildFile; fileRef = A20000000000000000000017 /* MarkdownLineNumberRulerView.swift */; };
		A10000000000000000000018 /* MarkdownLineContinuation.swift in Sources */ = {isa = PBXBuildFile; fileRef = A20000000000000000000018 /* MarkdownLineContinuation.swift */; };
		A10000000000000000000019 /* MarkdownIndentation.swift in Sources */ = {isa = PBXBuildFile; fileRef = A20000000000000000000019 /* MarkdownIndentation.swift */; };
		A1000000000000000000001A /* MarkdownSymbolCompletion.swift in Sources */ = {isa = PBXBuildFile; fileRef = A2000000000000000000001A /* MarkdownSymbolCompletion.swift */; };
		A1000000000000000000001B /* MarkdownTableInsertion.swift in Sources */ = {isa = PBXBuildFile; fileRef = A2000000000000000000001B /* MarkdownTableInsertion.swift */; };
		A1000000000000000000001C /* TableInsertionSheet.swift in Sources */ = {isa = PBXBuildFile; fileRef = A2000000000000000000001C /* TableInsertionSheet.swift */; };
		A1000000000000000000001D /* EditorPreferencesView.swift in Sources */ = {isa = PBXBuildFile; fileRef = A2000000000000000000001D /* EditorPreferencesView.swift */; };
		A1000000000000000000001E /* DocumentAnalysisStore.swift in Sources */ = {isa = PBXBuildFile; fileRef = A2000000000000000000001E /* DocumentAnalysisStore.swift */; };
		A1000000000000000000001F /* MarkdownOutline.swift in Sources */ = {isa = PBXBuildFile; fileRef = A2000000000000000000001F /* MarkdownOutline.swift */; };
		A10000000000000000000020 /* MarkdownLineIndex.swift in Sources */ = {isa = PBXBuildFile; fileRef = A20000000000000000000020 /* MarkdownLineIndex.swift */; };
		A10000000000000000000021 /* GoToLineSheet.swift in Sources */ = {isa = PBXBuildFile; fileRef = A20000000000000000000021 /* GoToLineSheet.swift */; };
		A10000000000000000000022 /* GoToHeadingSheet.swift in Sources */ = {isa = PBXBuildFile; fileRef = A20000000000000000000022 /* GoToHeadingSheet.swift */; };
		A10000000000000000000023 /* NavigationHistory.swift in Sources */ = {isa = PBXBuildFile; fileRef = A20000000000000000000023 /* NavigationHistory.swift */; };
		A10000000000000000000024 /* MarkdownHeadingIndex.swift in Sources */ = {isa = PBXBuildFile; fileRef = A20000000000000000000024 /* MarkdownHeadingIndex.swift */; };
		A10000000000000000000025 /* MarkdownDocumentLink.swift in Sources */ = {isa = PBXBuildFile; fileRef = A20000000000000000000025 /* MarkdownDocumentLink.swift */; };
		A10000000000000000000026 /* FilePathCompletion.swift in Sources */ = {isa = PBXBuildFile; fileRef = A20000000000000000000026 /* FilePathCompletion.swift */; };
		A10000000000000000000027 /* MarkdownLinkCompletion.swift in Sources */ = {isa = PBXBuildFile; fileRef = A20000000000000000000027 /* MarkdownLinkCompletion.swift */; };
		A10000000000000000000028 /* MarkdownURLPaste.swift in Sources */ = {isa = PBXBuildFile; fileRef = A20000000000000000000028 /* MarkdownURLPaste.swift */; };
		A10000000000000000000029 /* MarkdownLinkDiagnostics.swift in Sources */ = {isa = PBXBuildFile; fileRef = A20000000000000000000029 /* MarkdownLinkDiagnostics.swift */; };
		A10000000000000000000030 /* PreviewScrollSync.swift in Sources */ = {isa = PBXBuildFile; fileRef = A20000000000000000000030 /* PreviewScrollSync.swift */; };
		A10000000000000000000031 /* PreviewTypography.swift in Sources */ = {isa = PBXBuildFile; fileRef = A20000000000000000000031 /* PreviewTypography.swift */; };
		A10000000000000000000032 /* CodeSyntaxHighlighter.swift in Sources */ = {isa = PBXBuildFile; fileRef = A20000000000000000000032 /* CodeSyntaxHighlighter.swift */; };
		A10000000000000000000033 /* PreviewRenderCache.swift in Sources */ = {isa = PBXBuildFile; fileRef = A20000000000000000000033 /* PreviewRenderCache.swift */; };
		A10000000000000000000034 /* RegexSearch.swift in Sources */ = {isa = PBXBuildFile; fileRef = A20000000000000000000034 /* RegexSearch.swift */; };
		A10000000000000000000035 /* RegexSearchSheet.swift in Sources */ = {isa = PBXBuildFile; fileRef = A20000000000000000000035 /* RegexSearchSheet.swift */; };
		A10000000000000000000036 /* MarkdownHTMLExporter.swift in Sources */ = {isa = PBXBuildFile; fileRef = A20000000000000000000036 /* MarkdownHTMLExporter.swift */; };
		A10000000000000000000037 /* MarkdownPDFExporter.swift in Sources */ = {isa = PBXBuildFile; fileRef = A20000000000000000000037 /* MarkdownPDFExporter.swift */; };
		A10000000000000000000038 /* MarkdownRichClipboard.swift in Sources */ = {isa = PBXBuildFile; fileRef = A20000000000000000000038 /* MarkdownRichClipboard.swift */; };
		A10000000000000000000039 /* MarkdownPlainTextExporter.swift in Sources */ = {isa = PBXBuildFile; fileRef = A20000000000000000000039 /* MarkdownPlainTextExporter.swift */; };
		A10000000000000000000040 /* MarkdownExportPreset.swift in Sources */ = {isa = PBXBuildFile; fileRef = A20000000000000000000040 /* MarkdownExportPreset.swift */; };
		A10000000000000000000041 /* MarkdownExportPresetSheet.swift in Sources */ = {isa = PBXBuildFile; fileRef = A20000000000000000000041 /* MarkdownExportPresetSheet.swift */; };
		A10000000000000000000042 /* WorkspaceFileIndex.swift in Sources */ = {isa = PBXBuildFile; fileRef = A20000000000000000000042 /* WorkspaceFileIndex.swift */; };
		A10000000000000000000043 /* WorkspaceQuickOpen.swift in Sources */ = {isa = PBXBuildFile; fileRef = A20000000000000000000043 /* WorkspaceQuickOpen.swift */; };
		A10000000000000000000044 /* WorkspaceQuickOpenSheet.swift in Sources */ = {isa = PBXBuildFile; fileRef = A20000000000000000000044 /* WorkspaceQuickOpenSheet.swift */; };
		A10000000000000000000045 /* WorkspaceFileOperations.swift in Sources */ = {isa = PBXBuildFile; fileRef = A20000000000000000000045 /* WorkspaceFileOperations.swift */; };
		A10000000000000000000046 /* WorkspaceFileOperationSheet.swift in Sources */ = {isa = PBXBuildFile; fileRef = A20000000000000000000046 /* WorkspaceFileOperationSheet.swift */; };
		A10000000000000000000047 /* WorkspaceViewSettings.swift in Sources */ = {isa = PBXBuildFile; fileRef = A20000000000000000000047 /* WorkspaceViewSettings.swift */; };
		A10000000000000000000048 /* WorkspaceDocumentTemplate.swift in Sources */ = {isa = PBXBuildFile; fileRef = A20000000000000000000048 /* WorkspaceDocumentTemplate.swift */; };
		A10000000000000000000049 /* MarkdownEncodingConverter.swift in Sources */ = {isa = PBXBuildFile; fileRef = A20000000000000000000049 /* MarkdownEncodingConverter.swift */; };
		A10000000000000000000050 /* MarkdownEncodingImportSheet.swift in Sources */ = {isa = PBXBuildFile; fileRef = A20000000000000000000050 /* MarkdownEncodingImportSheet.swift */; };
		A10000000000000000000051 /* MarkdownTextFormat.swift in Sources */ = {isa = PBXBuildFile; fileRef = A20000000000000000000051 /* MarkdownTextFormat.swift */; };
		A10000000000000000000052 /* WorkspaceSearch.swift in Sources */ = {isa = PBXBuildFile; fileRef = A20000000000000000000052 /* WorkspaceSearch.swift */; };
		A10000000000000000000053 /* WorkspaceSearchSheet.swift in Sources */ = {isa = PBXBuildFile; fileRef = A20000000000000000000053 /* WorkspaceSearchSheet.swift */; };
		A10000000000000000000054 /* WorkspaceReplace.swift in Sources */ = {isa = PBXBuildFile; fileRef = A20000000000000000000054 /* WorkspaceReplace.swift */; };
		A10000000000000000000055 /* WorkspaceReplaceSheet.swift in Sources */ = {isa = PBXBuildFile; fileRef = A20000000000000000000055 /* WorkspaceReplaceSheet.swift */; };
		A10000000000000000000056 /* PreviewSearch.swift in Sources */ = {isa = PBXBuildFile; fileRef = A20000000000000000000056 /* PreviewSearch.swift */; };
		A10000000000000000000057 /* PreviewSearchSheet.swift in Sources */ = {isa = PBXBuildFile; fileRef = A20000000000000000000057 /* PreviewSearchSheet.swift */; };
		A10000000000000000000058 /* WorkspaceAttachmentAudit.swift in Sources */ = {isa = PBXBuildFile; fileRef = A20000000000000000000058 /* WorkspaceAttachmentAudit.swift */; };
		A10000000000000000000059 /* WorkspaceAttachmentAuditSheet.swift in Sources */ = {isa = PBXBuildFile; fileRef = A20000000000000000000059 /* WorkspaceAttachmentAuditSheet.swift */; };
		A1000000000000000000005A /* WorkspaceSnapshotHistory.swift in Sources */ = {isa = PBXBuildFile; fileRef = A2000000000000000000005A /* WorkspaceSnapshotHistory.swift */; };
		A1000000000000000000005B /* ExternalDocumentConverter.swift in Sources */ = {isa = PBXBuildFile; fileRef = A2000000000000000000005B /* ExternalDocumentConverter.swift */; };
		A1000000000000000000005C /* RichTextMarkdownImporter.swift in Sources */ = {isa = PBXBuildFile; fileRef = A2000000000000000000005C /* RichTextMarkdownImporter.swift */; };
		A1000000000000000000005D /* PortablePackageExporter.swift in Sources */ = {isa = PBXBuildFile; fileRef = A2000000000000000000005D /* PortablePackageExporter.swift */; };
		A1000000000000000000005E /* WorkspaceBatchExporter.swift in Sources */ = {isa = PBXBuildFile; fileRef = A2000000000000000000005E /* WorkspaceBatchExporter.swift */; };
		A1000000000000000000005F /* EditorInvisibleCharacters.swift in Sources */ = {isa = PBXBuildFile; fileRef = A2000000000000000000005F /* EditorInvisibleCharacters.swift */; };
		A10000000000000000000060 /* EditorShortcuts.swift in Sources */ = {isa = PBXBuildFile; fileRef = A20000000000000000000060 /* EditorShortcuts.swift */; };
		A10000000000000000000061 /* Localizable.xcstrings in Resources */ = {isa = PBXBuildFile; fileRef = A20000000000000000000061 /* Localizable.xcstrings */; };
		A10000000000000000000062 /* ExternalDocumentOpen.swift in Sources */ = {isa = PBXBuildFile; fileRef = A20000000000000000000062 /* ExternalDocumentOpen.swift */; };
		A10000000000000000000063 /* MarkdownSafeHTML.swift in Sources */ = {isa = PBXBuildFile; fileRef = A20000000000000000000063 /* MarkdownSafeHTML.swift */; };
		A10000000000000000000064 /* MarkdownMultiSelection.swift in Sources */ = {isa = PBXBuildFile; fileRef = A20000000000000000000064 /* MarkdownMultiSelection.swift */; };
		A10000000000000000000065 /* MarkdownLinkHover.swift in Sources */ = {isa = PBXBuildFile; fileRef = A20000000000000000000065 /* MarkdownLinkHover.swift */; };
		A10000000000000000000066 /* MarkdownMinimap.swift in Sources */ = {isa = PBXBuildFile; fileRef = A20000000000000000000066 /* MarkdownMinimap.swift */; };
		A10000000000000000000067 /* MarkdownInlineLivePresentation.swift in Sources */ = {isa = PBXBuildFile; fileRef = A20000000000000000000067 /* MarkdownInlineLivePresentation.swift */; };
		A10000000000000000000068 /* TypewriterScrolling.swift in Sources */ = {isa = PBXBuildFile; fileRef = A20000000000000000000068 /* TypewriterScrolling.swift */; };
		A10000000000000000000069 /* TerminologyDictionary.swift in Sources */ = {isa = PBXBuildFile; fileRef = A20000000000000000000069 /* TerminologyDictionary.swift */; };
		A10000000000000000000070 /* WorkspaceTags.swift in Sources */ = {isa = PBXBuildFile; fileRef = A20000000000000000000070 /* WorkspaceTags.swift */; };
		A10000000000000000000071 /* WorkspaceTagsSheet.swift in Sources */ = {isa = PBXBuildFile; fileRef = A20000000000000000000071 /* WorkspaceTagsSheet.swift */; };
		A10000000000000000000072 /* FrontMatterProperties.swift in Sources */ = {isa = PBXBuildFile; fileRef = A20000000000000000000072 /* FrontMatterProperties.swift */; };
		A10000000000000000000073 /* FrontMatterPropertiesSheet.swift in Sources */ = {isa = PBXBuildFile; fileRef = A20000000000000000000073 /* FrontMatterPropertiesSheet.swift */; };
		A10000000000000000000074 /* WorkspaceBacklinks.swift in Sources */ = {isa = PBXBuildFile; fileRef = A20000000000000000000074 /* WorkspaceBacklinks.swift */; };
		A10000000000000000000075 /* WorkspaceBacklinksSheet.swift in Sources */ = {isa = PBXBuildFile; fileRef = A20000000000000000000075 /* WorkspaceBacklinksSheet.swift */; };
		A10000000000000000000076 /* WorkspaceWikiLinks.swift in Sources */ = {isa = PBXBuildFile; fileRef = A20000000000000000000076 /* WorkspaceWikiLinks.swift */; };
		A10000000000000000000077 /* WorkspaceWikiLinkSheet.swift in Sources */ = {isa = PBXBuildFile; fileRef = A20000000000000000000077 /* WorkspaceWikiLinkSheet.swift */; };
		A10000000000000000000078 /* WorkspaceDocumentEmbed.swift in Sources */ = {isa = PBXBuildFile; fileRef = A20000000000000000000078 /* WorkspaceDocumentEmbed.swift */; };
		A10000000000000000000079 /* WorkspaceEmbeddedDocumentView.swift in Sources */ = {isa = PBXBuildFile; fileRef = A20000000000000000000079 /* WorkspaceEmbeddedDocumentView.swift */; };
		A1000000000000000000007A /* WorkspaceDailyNote.swift in Sources */ = {isa = PBXBuildFile; fileRef = A2000000000000000000007A /* WorkspaceDailyNote.swift */; };
		A1000000000000000000007B /* WorkspaceDailyNoteSheet.swift in Sources */ = {isa = PBXBuildFile; fileRef = A2000000000000000000007B /* WorkspaceDailyNoteSheet.swift */; };
		A1000000000000000000007C /* WorkspaceTaskIndex.swift in Sources */ = {isa = PBXBuildFile; fileRef = A2000000000000000000007C /* WorkspaceTaskIndex.swift */; };
		A1000000000000000000007D /* WorkspaceTaskSheet.swift in Sources */ = {isa = PBXBuildFile; fileRef = A2000000000000000000007D /* WorkspaceTaskSheet.swift */; };
		A1000000000000000000007E /* WorkspaceLinkGraph.swift in Sources */ = {isa = PBXBuildFile; fileRef = A2000000000000000000007E /* WorkspaceLinkGraph.swift */; };
		A1000000000000000000007F /* WorkspaceLinkGraphSheet.swift in Sources */ = {isa = PBXBuildFile; fileRef = A2000000000000000000007F /* WorkspaceLinkGraphSheet.swift */; };
		A10000000000000000000080 /* WorkspaceNoteOperations.swift in Sources */ = {isa = PBXBuildFile; fileRef = A20000000000000000000080 /* WorkspaceNoteOperations.swift */; };
		A10000000000000000000081 /* WorkspaceNoteSplitSheet.swift in Sources */ = {isa = PBXBuildFile; fileRef = A20000000000000000000081 /* WorkspaceNoteSplitSheet.swift */; };
		A10000000000000000000082 /* WorkspaceNoteMergeSheet.swift in Sources */ = {isa = PBXBuildFile; fileRef = A20000000000000000000082 /* WorkspaceNoteMergeSheet.swift */; };
		A10000000000000000000083 /* WorkspaceNamedLayout.swift in Sources */ = {isa = PBXBuildFile; fileRef = A20000000000000000000083 /* WorkspaceNamedLayout.swift */; };
		A10000000000000000000084 /* WorkspaceNamedLayoutSheet.swift in Sources */ = {isa = PBXBuildFile; fileRef = A20000000000000000000084 /* WorkspaceNamedLayoutSheet.swift */; };
		A10000000000000000000085 /* WorkspaceLayoutActivation.swift in Sources */ = {isa = PBXBuildFile; fileRef = A20000000000000000000085 /* WorkspaceLayoutActivation.swift */; };
		A10000000000000000000086 /* MarkdownMath.swift in Sources */ = {isa = PBXBuildFile; fileRef = A20000000000000000000086 /* MarkdownMath.swift */; };
		A10000000000000000000087 /* SwiftMath in Frameworks */ = {isa = PBXBuildFile; productRef = C10000000000000000000001 /* SwiftMath */; };
		A10000000000000000000088 /* MermaidDiagramView.swift in Sources */ = {isa = PBXBuildFile; fileRef = A20000000000000000000087 /* MermaidDiagramView.swift */; };
		A10000000000000000000089 /* mermaid.min.js in Resources */ = {isa = PBXBuildFile; fileRef = A20000000000000000000088 /* mermaid.min.js */; };
		A1000000000000000000008A /* Mermaid-LICENSE.txt in Resources */ = {isa = PBXBuildFile; fileRef = A20000000000000000000089 /* Mermaid-LICENSE.txt */; };
		A1000000000000000000008B /* ExternalDiagramRenderer.swift in Sources */ = {isa = PBXBuildFile; fileRef = A2000000000000000000008A /* ExternalDiagramRenderer.swift */; };
		A1000000000000000000008C /* ExternalDiagramView.swift in Sources */ = {isa = PBXBuildFile; fileRef = A2000000000000000000008B /* ExternalDiagramView.swift */; };
		A1000000000000000000008D /* MarkdownCitations.swift in Sources */ = {isa = PBXBuildFile; fileRef = A2000000000000000000008C /* MarkdownCitations.swift */; };
		A1000000000000000000008E /* MarkdownCrossReferences.swift in Sources */ = {isa = PBXBuildFile; fileRef = A2000000000000000000008D /* MarkdownCrossReferences.swift */; };
		A1000000000000000000008F /* MarkdownDefinitionList.swift in Sources */ = {isa = PBXBuildFile; fileRef = A2000000000000000000008E /* MarkdownDefinitionList.swift */; };
		A10000000000000000000090 /* MarkdownInlineExtensions.swift in Sources */ = {isa = PBXBuildFile; fileRef = A2000000000000000000008F /* MarkdownInlineExtensions.swift */; };
		A10000000000000000000091 /* MarkdownEmoji.swift in Sources */ = {isa = PBXBuildFile; fileRef = A20000000000000000000090 /* MarkdownEmoji.swift */; };
		A10000000000000000000092 /* MarkdownMedia.swift in Sources */ = {isa = PBXBuildFile; fileRef = A20000000000000000000091 /* MarkdownMedia.swift */; };
		A10000000000000000000093 /* MarkdownSlideDeck.swift in Sources */ = {isa = PBXBuildFile; fileRef = A20000000000000000000092 /* MarkdownSlideDeck.swift */; };
		A10000000000000000000094 /* MarkdownSlidePresentation.swift in Sources */ = {isa = PBXBuildFile; fileRef = A20000000000000000000093 /* MarkdownSlidePresentation.swift */; };
		A10000000000000000000095 /* GitRepository.swift in Sources */ = {isa = PBXBuildFile; fileRef = A20000000000000000000094 /* GitRepository.swift */; };
		A10000000000000000000096 /* GitHistorySheet.swift in Sources */ = {isa = PBXBuildFile; fileRef = A20000000000000000000095 /* GitHistorySheet.swift */; };
		A10000000000000000000097 /* GitCommitSheet.swift in Sources */ = {isa = PBXBuildFile; fileRef = A20000000000000000000096 /* GitCommitSheet.swift */; };
		A10000000000000000000098 /* CloudFileStatus.swift in Sources */ = {isa = PBXBuildFile; fileRef = A20000000000000000000097 /* CloudFileStatus.swift */; };
		A10000000000000000000099 /* CloudFileStatusSheet.swift in Sources */ = {isa = PBXBuildFile; fileRef = A20000000000000000000098 /* CloudFileStatusSheet.swift */; };
		A1000000000000000000009A /* AutomationDocumentWriter.swift in Sources */ = {isa = PBXBuildFile; fileRef = A20000000000000000000099 /* AutomationDocumentWriter.swift */; };
		A1000000000000000000009B /* DeclarativeExtension.swift in Sources */ = {isa = PBXBuildFile; fileRef = A2000000000000000000009A /* DeclarativeExtension.swift */; };
		A1000000000000000000009C /* Publication.swift in Sources */ = {isa = PBXBuildFile; fileRef = A2000000000000000000009B /* Publication.swift */; };
		A1000000000000000000009D /* PublicationSheet.swift in Sources */ = {isa = PBXBuildFile; fileRef = A2000000000000000000009C /* PublicationSheet.swift */; };
		A1000000000000000000009E /* CollaborativeDocument.swift in Sources */ = {isa = PBXBuildFile; fileRef = A2000000000000000000009D /* CollaborativeDocument.swift */; };
		A1000000000000000000009F /* CollaborationSession.swift in Sources */ = {isa = PBXBuildFile; fileRef = A2000000000000000000009E /* CollaborationSession.swift */; };
		A100000000000000000000A0 /* CollaborationSheet.swift in Sources */ = {isa = PBXBuildFile; fileRef = A2000000000000000000009F /* CollaborationSheet.swift */; };
		A100000000000000000000A1 /* CollaborativeTextReplacement.swift in Sources */ = {isa = PBXBuildFile; fileRef = A200000000000000000000A0 /* CollaborativeTextReplacement.swift */; };
/* End PBXBuildFile section */

/* Begin PBXFileReference section */
		A20000000000000000000001 /* DocumentStatistics.swift */ = {isa = PBXFileReference; lastKnownFileType = sourcecode.swift; path = DocumentStatistics.swift; sourceTree = "<group>"; };
		A20000000000000000000002 /* EditorMode.swift */ = {isa = PBXFileReference; lastKnownFileType = sourcecode.swift; path = EditorMode.swift; sourceTree = "<group>"; };
		A20000000000000000000003 /* EditorWorkspace.swift */ = {isa = PBXFileReference; lastKnownFileType = sourcecode.swift; path = EditorWorkspace.swift; sourceTree = "<group>"; };
		A20000000000000000000004 /* MKTownEditorApp.swift */ = {isa = PBXFileReference; lastKnownFileType = sourcecode.swift; path = MKTownEditorApp.swift; sourceTree = "<group>"; };
		A20000000000000000000005 /* MarkdownCommands.swift */ = {isa = PBXFileReference; lastKnownFileType = sourcecode.swift; path = MarkdownCommands.swift; sourceTree = "<group>"; };
		A20000000000000000000006 /* MarkdownDocument.swift */ = {isa = PBXFileReference; lastKnownFileType = sourcecode.swift; path = MarkdownDocument.swift; sourceTree = "<group>"; };
		A20000000000000000000007 /* MarkdownEditorModel.swift */ = {isa = PBXFileReference; lastKnownFileType = sourcecode.swift; path = MarkdownEditorModel.swift; sourceTree = "<group>"; };
		A20000000000000000000008 /* MarkdownFormatter.swift */ = {isa = PBXFileReference; lastKnownFileType = sourcecode.swift; path = MarkdownFormatter.swift; sourceTree = "<group>"; };
		A20000000000000000000009 /* MarkdownPreview.swift */ = {isa = PBXFileReference; lastKnownFileType = sourcecode.swift; path = MarkdownPreview.swift; sourceTree = "<group>"; };
		A2000000000000000000000A /* MarkdownRenderer.swift */ = {isa = PBXFileReference; lastKnownFileType = sourcecode.swift; path = MarkdownRenderer.swift; sourceTree = "<group>"; };
		A2000000000000000000000B /* MarkdownTextEditor.swift */ = {isa = PBXFileReference; lastKnownFileType = sourcecode.swift; path = MarkdownTextEditor.swift; sourceTree = "<group>"; };
		A2000000000000000000000C /* Info.plist */ = {isa = PBXFileReference; lastKnownFileType = text.plist.xml; path = Info.plist; sourceTree = "<group>"; };
		A2000000000000000000000D /* MKTownEditor.app */ = {isa = PBXFileReference; explicitFileType = wrapper.application; includeInIndex = 0; path = MKTownEditor.app; sourceTree = BUILT_PRODUCTS_DIR; };
		A2000000000000000000000E /* MarkdownPositionMap.swift */ = {isa = PBXFileReference; lastKnownFileType = sourcecode.swift; path = MarkdownPositionMap.swift; sourceTree = "<group>"; };
		A2000000000000000000000F /* MarkdownAnalysis.swift */ = {isa = PBXFileReference; lastKnownFileType = sourcecode.swift; path = MarkdownAnalysis.swift; sourceTree = "<group>"; };
		A20000000000000000000010 /* DocumentContext.swift */ = {isa = PBXFileReference; lastKnownFileType = sourcecode.swift; path = DocumentContext.swift; sourceTree = "<group>"; };
		A20000000000000000000011 /* EditorSettings.swift */ = {isa = PBXFileReference; lastKnownFileType = sourcecode.swift; path = EditorSettings.swift; sourceTree = "<group>"; };
		A20000000000000000000012 /* EditorCommand.swift */ = {isa = PBXFileReference; lastKnownFileType = sourcecode.swift; path = EditorCommand.swift; sourceTree = "<group>"; };
		A20000000000000000000013 /* MarkdownLinkSyntax.swift */ = {isa = PBXFileReference; lastKnownFileType = sourcecode.swift; path = MarkdownLinkSyntax.swift; sourceTree = "<group>"; };
		A20000000000000000000014 /* ImageResourceManager.swift */ = {isa = PBXFileReference; lastKnownFileType = sourcecode.swift; path = ImageResourceManager.swift; sourceTree = "<group>"; };
		A20000000000000000000015 /* ImageEditorSheet.swift */ = {isa = PBXFileReference; lastKnownFileType = sourcecode.swift; path = ImageEditorSheet.swift; sourceTree = "<group>"; };
		A20000000000000000000016 /* MarkdownSyntaxHighlighter.swift */ = {isa = PBXFileReference; lastKnownFileType = sourcecode.swift; path = MarkdownSyntaxHighlighter.swift; sourceTree = "<group>"; };
		A20000000000000000000017 /* MarkdownLineNumberRulerView.swift */ = {isa = PBXFileReference; lastKnownFileType = sourcecode.swift; path = MarkdownLineNumberRulerView.swift; sourceTree = "<group>"; };
		A20000000000000000000018 /* MarkdownLineContinuation.swift */ = {isa = PBXFileReference; lastKnownFileType = sourcecode.swift; path = MarkdownLineContinuation.swift; sourceTree = "<group>"; };
		A20000000000000000000019 /* MarkdownIndentation.swift */ = {isa = PBXFileReference; lastKnownFileType = sourcecode.swift; path = MarkdownIndentation.swift; sourceTree = "<group>"; };
		A2000000000000000000001A /* MarkdownSymbolCompletion.swift */ = {isa = PBXFileReference; lastKnownFileType = sourcecode.swift; path = MarkdownSymbolCompletion.swift; sourceTree = "<group>"; };
		A2000000000000000000001B /* MarkdownTableInsertion.swift */ = {isa = PBXFileReference; lastKnownFileType = sourcecode.swift; path = MarkdownTableInsertion.swift; sourceTree = "<group>"; };
		A2000000000000000000001C /* TableInsertionSheet.swift */ = {isa = PBXFileReference; lastKnownFileType = sourcecode.swift; path = TableInsertionSheet.swift; sourceTree = "<group>"; };
		A2000000000000000000001D /* EditorPreferencesView.swift */ = {isa = PBXFileReference; lastKnownFileType = sourcecode.swift; path = EditorPreferencesView.swift; sourceTree = "<group>"; };
		A2000000000000000000001E /* DocumentAnalysisStore.swift */ = {isa = PBXFileReference; lastKnownFileType = sourcecode.swift; path = DocumentAnalysisStore.swift; sourceTree = "<group>"; };
		A2000000000000000000001F /* MarkdownOutline.swift */ = {isa = PBXFileReference; lastKnownFileType = sourcecode.swift; path = MarkdownOutline.swift; sourceTree = "<group>"; };
		A20000000000000000000020 /* MarkdownLineIndex.swift */ = {isa = PBXFileReference; lastKnownFileType = sourcecode.swift; path = MarkdownLineIndex.swift; sourceTree = "<group>"; };
		A20000000000000000000021 /* GoToLineSheet.swift */ = {isa = PBXFileReference; lastKnownFileType = sourcecode.swift; path = GoToLineSheet.swift; sourceTree = "<group>"; };
		A20000000000000000000022 /* GoToHeadingSheet.swift */ = {isa = PBXFileReference; lastKnownFileType = sourcecode.swift; path = GoToHeadingSheet.swift; sourceTree = "<group>"; };
		A20000000000000000000023 /* NavigationHistory.swift */ = {isa = PBXFileReference; lastKnownFileType = sourcecode.swift; path = NavigationHistory.swift; sourceTree = "<group>"; };
		A20000000000000000000024 /* MarkdownHeadingIndex.swift */ = {isa = PBXFileReference; lastKnownFileType = sourcecode.swift; path = MarkdownHeadingIndex.swift; sourceTree = "<group>"; };
		A20000000000000000000025 /* MarkdownDocumentLink.swift */ = {isa = PBXFileReference; lastKnownFileType = sourcecode.swift; path = MarkdownDocumentLink.swift; sourceTree = "<group>"; };
		A20000000000000000000026 /* FilePathCompletion.swift */ = {isa = PBXFileReference; lastKnownFileType = sourcecode.swift; path = FilePathCompletion.swift; sourceTree = "<group>"; };
		A20000000000000000000027 /* MarkdownLinkCompletion.swift */ = {isa = PBXFileReference; lastKnownFileType = sourcecode.swift; path = MarkdownLinkCompletion.swift; sourceTree = "<group>"; };
		A20000000000000000000028 /* MarkdownURLPaste.swift */ = {isa = PBXFileReference; lastKnownFileType = sourcecode.swift; path = MarkdownURLPaste.swift; sourceTree = "<group>"; };
		A20000000000000000000029 /* MarkdownLinkDiagnostics.swift */ = {isa = PBXFileReference; lastKnownFileType = sourcecode.swift; path = MarkdownLinkDiagnostics.swift; sourceTree = "<group>"; };
		A20000000000000000000030 /* PreviewScrollSync.swift */ = {isa = PBXFileReference; lastKnownFileType = sourcecode.swift; path = PreviewScrollSync.swift; sourceTree = "<group>"; };
		A20000000000000000000031 /* PreviewTypography.swift */ = {isa = PBXFileReference; lastKnownFileType = sourcecode.swift; path = PreviewTypography.swift; sourceTree = "<group>"; };
		A20000000000000000000032 /* CodeSyntaxHighlighter.swift */ = {isa = PBXFileReference; lastKnownFileType = sourcecode.swift; path = CodeSyntaxHighlighter.swift; sourceTree = "<group>"; };
		A20000000000000000000033 /* PreviewRenderCache.swift */ = {isa = PBXFileReference; lastKnownFileType = sourcecode.swift; path = PreviewRenderCache.swift; sourceTree = "<group>"; };
		A20000000000000000000034 /* RegexSearch.swift */ = {isa = PBXFileReference; lastKnownFileType = sourcecode.swift; path = RegexSearch.swift; sourceTree = "<group>"; };
		A20000000000000000000035 /* RegexSearchSheet.swift */ = {isa = PBXFileReference; lastKnownFileType = sourcecode.swift; path = RegexSearchSheet.swift; sourceTree = "<group>"; };
		A20000000000000000000036 /* MarkdownHTMLExporter.swift */ = {isa = PBXFileReference; lastKnownFileType = sourcecode.swift; path = MarkdownHTMLExporter.swift; sourceTree = "<group>"; };
		A20000000000000000000037 /* MarkdownPDFExporter.swift */ = {isa = PBXFileReference; lastKnownFileType = sourcecode.swift; path = MarkdownPDFExporter.swift; sourceTree = "<group>"; };
		A20000000000000000000038 /* MarkdownRichClipboard.swift */ = {isa = PBXFileReference; lastKnownFileType = sourcecode.swift; path = MarkdownRichClipboard.swift; sourceTree = "<group>"; };
		A20000000000000000000039 /* MarkdownPlainTextExporter.swift */ = {isa = PBXFileReference; lastKnownFileType = sourcecode.swift; path = MarkdownPlainTextExporter.swift; sourceTree = "<group>"; };
		A20000000000000000000040 /* MarkdownExportPreset.swift */ = {isa = PBXFileReference; lastKnownFileType = sourcecode.swift; path = MarkdownExportPreset.swift; sourceTree = "<group>"; };
		A20000000000000000000041 /* MarkdownExportPresetSheet.swift */ = {isa = PBXFileReference; lastKnownFileType = sourcecode.swift; path = MarkdownExportPresetSheet.swift; sourceTree = "<group>"; };
		A20000000000000000000042 /* WorkspaceFileIndex.swift */ = {isa = PBXFileReference; lastKnownFileType = sourcecode.swift; path = WorkspaceFileIndex.swift; sourceTree = "<group>"; };
		A20000000000000000000043 /* WorkspaceQuickOpen.swift */ = {isa = PBXFileReference; lastKnownFileType = sourcecode.swift; path = WorkspaceQuickOpen.swift; sourceTree = "<group>"; };
		A20000000000000000000044 /* WorkspaceQuickOpenSheet.swift */ = {isa = PBXFileReference; lastKnownFileType = sourcecode.swift; path = WorkspaceQuickOpenSheet.swift; sourceTree = "<group>"; };
		A20000000000000000000045 /* WorkspaceFileOperations.swift */ = {isa = PBXFileReference; lastKnownFileType = sourcecode.swift; path = WorkspaceFileOperations.swift; sourceTree = "<group>"; };
		A20000000000000000000046 /* WorkspaceFileOperationSheet.swift */ = {isa = PBXFileReference; lastKnownFileType = sourcecode.swift; path = WorkspaceFileOperationSheet.swift; sourceTree = "<group>"; };
		A20000000000000000000047 /* WorkspaceViewSettings.swift */ = {isa = PBXFileReference; lastKnownFileType = sourcecode.swift; path = WorkspaceViewSettings.swift; sourceTree = "<group>"; };
		A20000000000000000000048 /* WorkspaceDocumentTemplate.swift */ = {isa = PBXFileReference; lastKnownFileType = sourcecode.swift; path = WorkspaceDocumentTemplate.swift; sourceTree = "<group>"; };
		A20000000000000000000049 /* MarkdownEncodingConverter.swift */ = {isa = PBXFileReference; lastKnownFileType = sourcecode.swift; path = MarkdownEncodingConverter.swift; sourceTree = "<group>"; };
		A20000000000000000000050 /* MarkdownEncodingImportSheet.swift */ = {isa = PBXFileReference; lastKnownFileType = sourcecode.swift; path = MarkdownEncodingImportSheet.swift; sourceTree = "<group>"; };
		A20000000000000000000051 /* MarkdownTextFormat.swift */ = {isa = PBXFileReference; lastKnownFileType = sourcecode.swift; path = MarkdownTextFormat.swift; sourceTree = "<group>"; };
		A20000000000000000000052 /* WorkspaceSearch.swift */ = {isa = PBXFileReference; lastKnownFileType = sourcecode.swift; path = WorkspaceSearch.swift; sourceTree = "<group>"; };
		A20000000000000000000053 /* WorkspaceSearchSheet.swift */ = {isa = PBXFileReference; lastKnownFileType = sourcecode.swift; path = WorkspaceSearchSheet.swift; sourceTree = "<group>"; };
		A20000000000000000000054 /* WorkspaceReplace.swift */ = {isa = PBXFileReference; lastKnownFileType = sourcecode.swift; path = WorkspaceReplace.swift; sourceTree = "<group>"; };
		A20000000000000000000055 /* WorkspaceReplaceSheet.swift */ = {isa = PBXFileReference; lastKnownFileType = sourcecode.swift; path = WorkspaceReplaceSheet.swift; sourceTree = "<group>"; };
		A20000000000000000000056 /* PreviewSearch.swift */ = {isa = PBXFileReference; lastKnownFileType = sourcecode.swift; path = PreviewSearch.swift; sourceTree = "<group>"; };
		A20000000000000000000057 /* PreviewSearchSheet.swift */ = {isa = PBXFileReference; lastKnownFileType = sourcecode.swift; path = PreviewSearchSheet.swift; sourceTree = "<group>"; };
		A20000000000000000000058 /* WorkspaceAttachmentAudit.swift */ = {isa = PBXFileReference; lastKnownFileType = sourcecode.swift; path = WorkspaceAttachmentAudit.swift; sourceTree = "<group>"; };
		A20000000000000000000059 /* WorkspaceAttachmentAuditSheet.swift */ = {isa = PBXFileReference; lastKnownFileType = sourcecode.swift; path = WorkspaceAttachmentAuditSheet.swift; sourceTree = "<group>"; };
		A2000000000000000000005A /* WorkspaceSnapshotHistory.swift */ = {isa = PBXFileReference; lastKnownFileType = sourcecode.swift; path = WorkspaceSnapshotHistory.swift; sourceTree = "<group>"; };
		A2000000000000000000005B /* ExternalDocumentConverter.swift */ = {isa = PBXFileReference; lastKnownFileType = sourcecode.swift; path = ExternalDocumentConverter.swift; sourceTree = "<group>"; };
		A2000000000000000000005C /* RichTextMarkdownImporter.swift */ = {isa = PBXFileReference; lastKnownFileType = sourcecode.swift; path = RichTextMarkdownImporter.swift; sourceTree = "<group>"; };
		A2000000000000000000005D /* PortablePackageExporter.swift */ = {isa = PBXFileReference; lastKnownFileType = sourcecode.swift; path = PortablePackageExporter.swift; sourceTree = "<group>"; };
		A2000000000000000000005E /* WorkspaceBatchExporter.swift */ = {isa = PBXFileReference; lastKnownFileType = sourcecode.swift; path = WorkspaceBatchExporter.swift; sourceTree = "<group>"; };
		A2000000000000000000005F /* EditorInvisibleCharacters.swift */ = {isa = PBXFileReference; lastKnownFileType = sourcecode.swift; path = EditorInvisibleCharacters.swift; sourceTree = "<group>"; };
		A20000000000000000000060 /* EditorShortcuts.swift */ = {isa = PBXFileReference; lastKnownFileType = sourcecode.swift; path = EditorShortcuts.swift; sourceTree = "<group>"; };
		A20000000000000000000061 /* Localizable.xcstrings */ = {isa = PBXFileReference; lastKnownFileType = text.json.xcstrings; path = Localizable.xcstrings; sourceTree = "<group>"; };
		A20000000000000000000062 /* ExternalDocumentOpen.swift */ = {isa = PBXFileReference; lastKnownFileType = sourcecode.swift; path = ExternalDocumentOpen.swift; sourceTree = "<group>"; };
		A20000000000000000000063 /* MarkdownSafeHTML.swift */ = {isa = PBXFileReference; lastKnownFileType = sourcecode.swift; path = MarkdownSafeHTML.swift; sourceTree = "<group>"; };
		A20000000000000000000064 /* MarkdownMultiSelection.swift */ = {isa = PBXFileReference; lastKnownFileType = sourcecode.swift; path = MarkdownMultiSelection.swift; sourceTree = "<group>"; };
		A20000000000000000000065 /* MarkdownLinkHover.swift */ = {isa = PBXFileReference; lastKnownFileType = sourcecode.swift; path = MarkdownLinkHover.swift; sourceTree = "<group>"; };
		A20000000000000000000066 /* MarkdownMinimap.swift */ = {isa = PBXFileReference; lastKnownFileType = sourcecode.swift; path = MarkdownMinimap.swift; sourceTree = "<group>"; };
		A20000000000000000000067 /* MarkdownInlineLivePresentation.swift */ = {isa = PBXFileReference; lastKnownFileType = sourcecode.swift; path = MarkdownInlineLivePresentation.swift; sourceTree = "<group>"; };
		A20000000000000000000068 /* TypewriterScrolling.swift */ = {isa = PBXFileReference; lastKnownFileType = sourcecode.swift; path = TypewriterScrolling.swift; sourceTree = "<group>"; };
		A20000000000000000000069 /* TerminologyDictionary.swift */ = {isa = PBXFileReference; lastKnownFileType = sourcecode.swift; path = TerminologyDictionary.swift; sourceTree = "<group>"; };
		A20000000000000000000070 /* WorkspaceTags.swift */ = {isa = PBXFileReference; lastKnownFileType = sourcecode.swift; path = WorkspaceTags.swift; sourceTree = "<group>"; };
		A20000000000000000000071 /* WorkspaceTagsSheet.swift */ = {isa = PBXFileReference; lastKnownFileType = sourcecode.swift; path = WorkspaceTagsSheet.swift; sourceTree = "<group>"; };
		A20000000000000000000072 /* FrontMatterProperties.swift */ = {isa = PBXFileReference; lastKnownFileType = sourcecode.swift; path = FrontMatterProperties.swift; sourceTree = "<group>"; };
		A20000000000000000000073 /* FrontMatterPropertiesSheet.swift */ = {isa = PBXFileReference; lastKnownFileType = sourcecode.swift; path = FrontMatterPropertiesSheet.swift; sourceTree = "<group>"; };
		A20000000000000000000074 /* WorkspaceBacklinks.swift */ = {isa = PBXFileReference; lastKnownFileType = sourcecode.swift; path = WorkspaceBacklinks.swift; sourceTree = "<group>"; };
		A20000000000000000000075 /* WorkspaceBacklinksSheet.swift */ = {isa = PBXFileReference; lastKnownFileType = sourcecode.swift; path = WorkspaceBacklinksSheet.swift; sourceTree = "<group>"; };
		A20000000000000000000076 /* WorkspaceWikiLinks.swift */ = {isa = PBXFileReference; lastKnownFileType = sourcecode.swift; path = WorkspaceWikiLinks.swift; sourceTree = "<group>"; };
		A20000000000000000000077 /* WorkspaceWikiLinkSheet.swift */ = {isa = PBXFileReference; lastKnownFileType = sourcecode.swift; path = WorkspaceWikiLinkSheet.swift; sourceTree = "<group>"; };
		A20000000000000000000078 /* WorkspaceDocumentEmbed.swift */ = {isa = PBXFileReference; lastKnownFileType = sourcecode.swift; path = WorkspaceDocumentEmbed.swift; sourceTree = "<group>"; };
		A20000000000000000000079 /* WorkspaceEmbeddedDocumentView.swift */ = {isa = PBXFileReference; lastKnownFileType = sourcecode.swift; path = WorkspaceEmbeddedDocumentView.swift; sourceTree = "<group>"; };
		A2000000000000000000007A /* WorkspaceDailyNote.swift */ = {isa = PBXFileReference; lastKnownFileType = sourcecode.swift; path = WorkspaceDailyNote.swift; sourceTree = "<group>"; };
		A2000000000000000000007B /* WorkspaceDailyNoteSheet.swift */ = {isa = PBXFileReference; lastKnownFileType = sourcecode.swift; path = WorkspaceDailyNoteSheet.swift; sourceTree = "<group>"; };
		A2000000000000000000007C /* WorkspaceTaskIndex.swift */ = {isa = PBXFileReference; lastKnownFileType = sourcecode.swift; path = WorkspaceTaskIndex.swift; sourceTree = "<group>"; };
		A2000000000000000000007D /* WorkspaceTaskSheet.swift */ = {isa = PBXFileReference; lastKnownFileType = sourcecode.swift; path = WorkspaceTaskSheet.swift; sourceTree = "<group>"; };
		A2000000000000000000007E /* WorkspaceLinkGraph.swift */ = {isa = PBXFileReference; lastKnownFileType = sourcecode.swift; path = WorkspaceLinkGraph.swift; sourceTree = "<group>"; };
		A2000000000000000000007F /* WorkspaceLinkGraphSheet.swift */ = {isa = PBXFileReference; lastKnownFileType = sourcecode.swift; path = WorkspaceLinkGraphSheet.swift; sourceTree = "<group>"; };
		A20000000000000000000080 /* WorkspaceNoteOperations.swift */ = {isa = PBXFileReference; lastKnownFileType = sourcecode.swift; path = WorkspaceNoteOperations.swift; sourceTree = "<group>"; };
		A20000000000000000000081 /* WorkspaceNoteSplitSheet.swift */ = {isa = PBXFileReference; lastKnownFileType = sourcecode.swift; path = WorkspaceNoteSplitSheet.swift; sourceTree = "<group>"; };
		A20000000000000000000082 /* WorkspaceNoteMergeSheet.swift */ = {isa = PBXFileReference; lastKnownFileType = sourcecode.swift; path = WorkspaceNoteMergeSheet.swift; sourceTree = "<group>"; };
		A20000000000000000000083 /* WorkspaceNamedLayout.swift */ = {isa = PBXFileReference; lastKnownFileType = sourcecode.swift; path = WorkspaceNamedLayout.swift; sourceTree = "<group>"; };
		A20000000000000000000084 /* WorkspaceNamedLayoutSheet.swift */ = {isa = PBXFileReference; lastKnownFileType = sourcecode.swift; path = WorkspaceNamedLayoutSheet.swift; sourceTree = "<group>"; };
		A20000000000000000000085 /* WorkspaceLayoutActivation.swift */ = {isa = PBXFileReference; lastKnownFileType = sourcecode.swift; path = WorkspaceLayoutActivation.swift; sourceTree = "<group>"; };
		A20000000000000000000086 /* MarkdownMath.swift */ = {isa = PBXFileReference; lastKnownFileType = sourcecode.swift; path = MarkdownMath.swift; sourceTree = "<group>"; };
		A20000000000000000000087 /* MermaidDiagramView.swift */ = {isa = PBXFileReference; lastKnownFileType = sourcecode.swift; path = MermaidDiagramView.swift; sourceTree = "<group>"; };
		A20000000000000000000088 /* mermaid.min.js */ = {isa = PBXFileReference; lastKnownFileType = sourcecode.javascript; path = Resources/mermaid.min.js; sourceTree = "<group>"; };
		A20000000000000000000089 /* Mermaid-LICENSE.txt */ = {isa = PBXFileReference; lastKnownFileType = text; path = Resources/Mermaid-LICENSE.txt; sourceTree = "<group>"; };
		A2000000000000000000008A /* ExternalDiagramRenderer.swift */ = {isa = PBXFileReference; lastKnownFileType = sourcecode.swift; path = ExternalDiagramRenderer.swift; sourceTree = "<group>"; };
		A2000000000000000000008B /* ExternalDiagramView.swift */ = {isa = PBXFileReference; lastKnownFileType = sourcecode.swift; path = ExternalDiagramView.swift; sourceTree = "<group>"; };
		A2000000000000000000008C /* MarkdownCitations.swift */ = {isa = PBXFileReference; lastKnownFileType = sourcecode.swift; path = MarkdownCitations.swift; sourceTree = "<group>"; };
		A2000000000000000000008D /* MarkdownCrossReferences.swift */ = {isa = PBXFileReference; lastKnownFileType = sourcecode.swift; path = MarkdownCrossReferences.swift; sourceTree = "<group>"; };
		A2000000000000000000008E /* MarkdownDefinitionList.swift */ = {isa = PBXFileReference; lastKnownFileType = sourcecode.swift; path = MarkdownDefinitionList.swift; sourceTree = "<group>"; };
		A2000000000000000000008F /* MarkdownInlineExtensions.swift */ = {isa = PBXFileReference; lastKnownFileType = sourcecode.swift; path = MarkdownInlineExtensions.swift; sourceTree = "<group>"; };
		A20000000000000000000090 /* MarkdownEmoji.swift */ = {isa = PBXFileReference; lastKnownFileType = sourcecode.swift; path = MarkdownEmoji.swift; sourceTree = "<group>"; };
		A20000000000000000000091 /* MarkdownMedia.swift */ = {isa = PBXFileReference; lastKnownFileType = sourcecode.swift; path = MarkdownMedia.swift; sourceTree = "<group>"; };
		A20000000000000000000092 /* MarkdownSlideDeck.swift */ = {isa = PBXFileReference; lastKnownFileType = sourcecode.swift; path = MarkdownSlideDeck.swift; sourceTree = "<group>"; };
		A20000000000000000000093 /* MarkdownSlidePresentation.swift */ = {isa = PBXFileReference; lastKnownFileType = sourcecode.swift; path = MarkdownSlidePresentation.swift; sourceTree = "<group>"; };
		A20000000000000000000094 /* GitRepository.swift */ = {isa = PBXFileReference; lastKnownFileType = sourcecode.swift; path = GitRepository.swift; sourceTree = "<group>"; };
		A20000000000000000000095 /* GitHistorySheet.swift */ = {isa = PBXFileReference; lastKnownFileType = sourcecode.swift; path = GitHistorySheet.swift; sourceTree = "<group>"; };
		A20000000000000000000096 /* GitCommitSheet.swift */ = {isa = PBXFileReference; lastKnownFileType = sourcecode.swift; path = GitCommitSheet.swift; sourceTree = "<group>"; };
		A20000000000000000000097 /* CloudFileStatus.swift */ = {isa = PBXFileReference; lastKnownFileType = sourcecode.swift; path = CloudFileStatus.swift; sourceTree = "<group>"; };
		A20000000000000000000098 /* CloudFileStatusSheet.swift */ = {isa = PBXFileReference; lastKnownFileType = sourcecode.swift; path = CloudFileStatusSheet.swift; sourceTree = "<group>"; };
		A20000000000000000000099 /* AutomationDocumentWriter.swift */ = {isa = PBXFileReference; lastKnownFileType = sourcecode.swift; path = AutomationDocumentWriter.swift; sourceTree = "<group>"; };
		A2000000000000000000009A /* DeclarativeExtension.swift */ = {isa = PBXFileReference; lastKnownFileType = sourcecode.swift; path = DeclarativeExtension.swift; sourceTree = "<group>"; };
		A2000000000000000000009B /* Publication.swift */ = {isa = PBXFileReference; lastKnownFileType = sourcecode.swift; path = Publication.swift; sourceTree = "<group>"; };
		A2000000000000000000009C /* PublicationSheet.swift */ = {isa = PBXFileReference; lastKnownFileType = sourcecode.swift; path = PublicationSheet.swift; sourceTree = "<group>"; };
		A2000000000000000000009D /* CollaborativeDocument.swift */ = {isa = PBXFileReference; lastKnownFileType = sourcecode.swift; path = CollaborativeDocument.swift; sourceTree = "<group>"; };
		A2000000000000000000009E /* CollaborationSession.swift */ = {isa = PBXFileReference; lastKnownFileType = sourcecode.swift; path = CollaborationSession.swift; sourceTree = "<group>"; };
		A2000000000000000000009F /* CollaborationSheet.swift */ = {isa = PBXFileReference; lastKnownFileType = sourcecode.swift; path = CollaborationSheet.swift; sourceTree = "<group>"; };
		A200000000000000000000A0 /* CollaborativeTextReplacement.swift */ = {isa = PBXFileReference; lastKnownFileType = sourcecode.swift; path = CollaborativeTextReplacement.swift; sourceTree = "<group>"; };
/* End PBXFileReference section */

/* Begin PBXFrameworksBuildPhase section */
		A30000000000000000000001 /* Frameworks */ = {isa = PBXFrameworksBuildPhase; buildActionMask = 2147483647; files = (A10000000000000000000087 /* SwiftMath in Frameworks */,); runOnlyForDeploymentPostprocessing = 0; };
/* End PBXFrameworksBuildPhase section */

/* Begin PBXGroup section */
		A40000000000000000000001 = {
			isa = PBXGroup;
			children = (
				A40000000000000000000002 /* MKTownEditor */,
				A40000000000000000000003 /* Support */,
				A40000000000000000000004 /* Products */,
			);
			sourceTree = "<group>";
		};
		A40000000000000000000002 /* MKTownEditor */ = {
			isa = PBXGroup;
			children = (
				A20000000000000000000001 /* DocumentStatistics.swift */,
				A20000000000000000000002 /* EditorMode.swift */,
				A20000000000000000000003 /* EditorWorkspace.swift */,
				A20000000000000000000004 /* MKTownEditorApp.swift */,
				A20000000000000000000005 /* MarkdownCommands.swift */,
				A20000000000000000000006 /* MarkdownDocument.swift */,
				A20000000000000000000007 /* MarkdownEditorModel.swift */,
				A20000000000000000000008 /* MarkdownFormatter.swift */,
				A20000000000000000000009 /* MarkdownPreview.swift */,
				A2000000000000000000000A /* MarkdownRenderer.swift */,
				A2000000000000000000000B /* MarkdownTextEditor.swift */,
				A2000000000000000000000E /* MarkdownPositionMap.swift */,
				A2000000000000000000000F /* MarkdownAnalysis.swift */,
				A20000000000000000000010 /* DocumentContext.swift */,
				A20000000000000000000011 /* EditorSettings.swift */,
				A20000000000000000000012 /* EditorCommand.swift */,
				A20000000000000000000013 /* MarkdownLinkSyntax.swift */,
				A20000000000000000000014 /* ImageResourceManager.swift */,
				A20000000000000000000015 /* ImageEditorSheet.swift */,
				A20000000000000000000016 /* MarkdownSyntaxHighlighter.swift */,
				A20000000000000000000017 /* MarkdownLineNumberRulerView.swift */,
				A20000000000000000000018 /* MarkdownLineContinuation.swift */,
				A20000000000000000000019 /* MarkdownIndentation.swift */,
				A2000000000000000000001A /* MarkdownSymbolCompletion.swift */,
				A2000000000000000000001B /* MarkdownTableInsertion.swift */,
				A2000000000000000000001C /* TableInsertionSheet.swift */,
				A2000000000000000000001D /* EditorPreferencesView.swift */,
				A2000000000000000000001E /* DocumentAnalysisStore.swift */,
				A2000000000000000000001F /* MarkdownOutline.swift */,
				A20000000000000000000020 /* MarkdownLineIndex.swift */,
				A20000000000000000000021 /* GoToLineSheet.swift */,
				A20000000000000000000022 /* GoToHeadingSheet.swift */,
				A20000000000000000000023 /* NavigationHistory.swift */,
				A20000000000000000000024 /* MarkdownHeadingIndex.swift */,
				A20000000000000000000025 /* MarkdownDocumentLink.swift */,
				A20000000000000000000026 /* FilePathCompletion.swift */,
				A20000000000000000000027 /* MarkdownLinkCompletion.swift */,
				A20000000000000000000028 /* MarkdownURLPaste.swift */,
				A20000000000000000000029 /* MarkdownLinkDiagnostics.swift */,
				A20000000000000000000030 /* PreviewScrollSync.swift */,
				A20000000000000000000031 /* PreviewTypography.swift */,
				A20000000000000000000032 /* CodeSyntaxHighlighter.swift */,
				A20000000000000000000033 /* PreviewRenderCache.swift */,
				A20000000000000000000034 /* RegexSearch.swift */,
				A20000000000000000000035 /* RegexSearchSheet.swift */,
				A20000000000000000000036 /* MarkdownHTMLExporter.swift */,
				A20000000000000000000037 /* MarkdownPDFExporter.swift */,
				A20000000000000000000038 /* MarkdownRichClipboard.swift */,
				A20000000000000000000039 /* MarkdownPlainTextExporter.swift */,
				A20000000000000000000040 /* MarkdownExportPreset.swift */,
				A20000000000000000000041 /* MarkdownExportPresetSheet.swift */,
				A20000000000000000000042 /* WorkspaceFileIndex.swift */,
				A20000000000000000000043 /* WorkspaceQuickOpen.swift */,
				A20000000000000000000044 /* WorkspaceQuickOpenSheet.swift */,
				A20000000000000000000045 /* WorkspaceFileOperations.swift */,
				A20000000000000000000046 /* WorkspaceFileOperationSheet.swift */,
				A20000000000000000000047 /* WorkspaceViewSettings.swift */,
				A20000000000000000000048 /* WorkspaceDocumentTemplate.swift */,
				A20000000000000000000049 /* MarkdownEncodingConverter.swift */,
				A20000000000000000000050 /* MarkdownEncodingImportSheet.swift */,
				A20000000000000000000051 /* MarkdownTextFormat.swift */,
				A20000000000000000000052 /* WorkspaceSearch.swift */,
				A20000000000000000000053 /* WorkspaceSearchSheet.swift */,
				A20000000000000000000054 /* WorkspaceReplace.swift */,
				A20000000000000000000055 /* WorkspaceReplaceSheet.swift */,
				A20000000000000000000056 /* PreviewSearch.swift */,
				A20000000000000000000057 /* PreviewSearchSheet.swift */,
				A20000000000000000000058 /* WorkspaceAttachmentAudit.swift */,
				A20000000000000000000059 /* WorkspaceAttachmentAuditSheet.swift */,
				A2000000000000000000005A /* WorkspaceSnapshotHistory.swift */,
				A2000000000000000000005B /* ExternalDocumentConverter.swift */,
				A2000000000000000000005C /* RichTextMarkdownImporter.swift */,
				A2000000000000000000005D /* PortablePackageExporter.swift */,
				A2000000000000000000005E /* WorkspaceBatchExporter.swift */,
				A2000000000000000000005F /* EditorInvisibleCharacters.swift */,
				A20000000000000000000060 /* EditorShortcuts.swift */,
				A20000000000000000000061 /* Localizable.xcstrings */,
				A20000000000000000000062 /* ExternalDocumentOpen.swift */,
				A20000000000000000000063 /* MarkdownSafeHTML.swift */,
				A20000000000000000000064 /* MarkdownMultiSelection.swift */,
				A20000000000000000000065 /* MarkdownLinkHover.swift */,
				A20000000000000000000066 /* MarkdownMinimap.swift */,
				A20000000000000000000067 /* MarkdownInlineLivePresentation.swift */,
				A20000000000000000000068 /* TypewriterScrolling.swift */,
				A20000000000000000000069 /* TerminologyDictionary.swift */,
				A20000000000000000000070 /* WorkspaceTags.swift */,
				A20000000000000000000071 /* WorkspaceTagsSheet.swift */,
				A20000000000000000000072 /* FrontMatterProperties.swift */,
				A20000000000000000000073 /* FrontMatterPropertiesSheet.swift */,
				A20000000000000000000074 /* WorkspaceBacklinks.swift */,
				A20000000000000000000075 /* WorkspaceBacklinksSheet.swift */,
				A20000000000000000000076 /* WorkspaceWikiLinks.swift */,
				A20000000000000000000077 /* WorkspaceWikiLinkSheet.swift */,
				A20000000000000000000078 /* WorkspaceDocumentEmbed.swift */,
				A20000000000000000000079 /* WorkspaceEmbeddedDocumentView.swift */,
				A2000000000000000000007A /* WorkspaceDailyNote.swift */,
				A2000000000000000000007B /* WorkspaceDailyNoteSheet.swift */,
				A2000000000000000000007C /* WorkspaceTaskIndex.swift */,
				A2000000000000000000007D /* WorkspaceTaskSheet.swift */,
				A2000000000000000000007E /* WorkspaceLinkGraph.swift */,
				A2000000000000000000007F /* WorkspaceLinkGraphSheet.swift */,
				A20000000000000000000080 /* WorkspaceNoteOperations.swift */,
				A20000000000000000000081 /* WorkspaceNoteSplitSheet.swift */,
				A20000000000000000000082 /* WorkspaceNoteMergeSheet.swift */,
				A20000000000000000000083 /* WorkspaceNamedLayout.swift */,
				A20000000000000000000084 /* WorkspaceNamedLayoutSheet.swift */,
				A20000000000000000000085 /* WorkspaceLayoutActivation.swift */,
				A20000000000000000000086 /* MarkdownMath.swift */,
				A20000000000000000000087 /* MermaidDiagramView.swift */,
				A20000000000000000000088 /* mermaid.min.js */,
				A20000000000000000000089 /* Mermaid-LICENSE.txt */,
				A2000000000000000000008A /* ExternalDiagramRenderer.swift */,
				A2000000000000000000008B /* ExternalDiagramView.swift */,
				A2000000000000000000008C /* MarkdownCitations.swift */,
				A2000000000000000000008D /* MarkdownCrossReferences.swift */,
				A2000000000000000000008E /* MarkdownDefinitionList.swift */,
				A2000000000000000000008F /* MarkdownInlineExtensions.swift */,
				A20000000000000000000090 /* MarkdownEmoji.swift */,
				A20000000000000000000091 /* MarkdownMedia.swift */,
				A20000000000000000000092 /* MarkdownSlideDeck.swift */,
				A20000000000000000000093 /* MarkdownSlidePresentation.swift */,
				A20000000000000000000094 /* GitRepository.swift */,
				A20000000000000000000095 /* GitHistorySheet.swift */,
				A20000000000000000000096 /* GitCommitSheet.swift */,
				A20000000000000000000097 /* CloudFileStatus.swift */,
				A20000000000000000000098 /* CloudFileStatusSheet.swift */,
				A20000000000000000000099 /* AutomationDocumentWriter.swift */,
				A2000000000000000000009A /* DeclarativeExtension.swift */,
				A2000000000000000000009B /* Publication.swift */,
				A2000000000000000000009C /* PublicationSheet.swift */,
				A2000000000000000000009D /* CollaborativeDocument.swift */,
				A2000000000000000000009E /* CollaborationSession.swift */,
				A2000000000000000000009F /* CollaborationSheet.swift */,
				A200000000000000000000A0 /* CollaborativeTextReplacement.swift */,
			);
			path = Sources/MKTownEditor;
			sourceTree = "<group>";
		};
		A40000000000000000000003 /* Support */ = {
			isa = PBXGroup;
			children = (A2000000000000000000000C /* Info.plist */,);
			path = Support;
			sourceTree = "<group>";
		};
		A40000000000000000000004 /* Products */ = {
			isa = PBXGroup;
			children = (A2000000000000000000000D /* MKTownEditor.app */,);
			name = Products;
			sourceTree = "<group>";
		};
/* End PBXGroup section */

/* Begin PBXNativeTarget section */
		A50000000000000000000001 /* MKTownEditor */ = {
			isa = PBXNativeTarget;
			buildConfigurationList = A90000000000000000000002 /* Build configuration list for PBXNativeTarget "MKTownEditor" */;
			buildPhases = (
				A70000000000000000000001 /* Sources */,
				A30000000000000000000001 /* Frameworks */,
				A60000000000000000000001 /* Resources */,
			);
			buildRules = ();
			dependencies = ();
			name = MKTownEditor;
			packageProductDependencies = (C10000000000000000000001 /* SwiftMath */,);
			productName = MKTownEditor;
			productReference = A2000000000000000000000D /* MKTownEditor.app */;
			productType = "com.apple.product-type.application";
		};
/* End PBXNativeTarget section */

/* Begin PBXProject section */
		A80000000000000000000001 /* Project object */ = {
			isa = PBXProject;
			attributes = {
				BuildIndependentTargetsInParallel = 1;
				LastSwiftUpdateCheck = 2700;
				LastUpgradeCheck = 2700;
				TargetAttributes = { A50000000000000000000001 = { CreatedOnToolsVersion = 27.0; }; };
			};
			buildConfigurationList = A90000000000000000000001 /* Build configuration list for PBXProject "MKTownEditor" */;
			compatibilityVersion = "Xcode 16.0";
			developmentRegion = ja;
			hasScannedForEncodings = 0;
			knownRegions = (ja, en, Base);
			mainGroup = A40000000000000000000001;
			productRefGroup = A40000000000000000000004 /* Products */;
			packageReferences = (C00000000000000000000001 /* XCRemoteSwiftPackageReference "SwiftMath" */,);
			projectDirPath = "";
			projectRoot = "";
			targets = (A50000000000000000000001 /* MKTownEditor */,);
		};
/* End PBXProject section */

/* Begin PBXResourcesBuildPhase section */
		A60000000000000000000001 /* Resources */ = {isa = PBXResourcesBuildPhase; buildActionMask = 2147483647; files = (A10000000000000000000061 /* Localizable.xcstrings in Resources */, A10000000000000000000089 /* mermaid.min.js in Resources */, A1000000000000000000008A /* Mermaid-LICENSE.txt in Resources */,); runOnlyForDeploymentPostprocessing = 0; };
/* End PBXResourcesBuildPhase section */

/* Begin PBXSourcesBuildPhase section */
		A70000000000000000000001 /* Sources */ = {
			isa = PBXSourcesBuildPhase;
			buildActionMask = 2147483647;
			files = (
				A10000000000000000000001 /* DocumentStatistics.swift in Sources */,
				A10000000000000000000002 /* EditorMode.swift in Sources */,
				A10000000000000000000003 /* EditorWorkspace.swift in Sources */,
				A10000000000000000000004 /* MKTownEditorApp.swift in Sources */,
				A10000000000000000000005 /* MarkdownCommands.swift in Sources */,
				A10000000000000000000006 /* MarkdownDocument.swift in Sources */,
				A10000000000000000000007 /* MarkdownEditorModel.swift in Sources */,
				A10000000000000000000008 /* MarkdownFormatter.swift in Sources */,
				A10000000000000000000009 /* MarkdownPreview.swift in Sources */,
				A1000000000000000000000A /* MarkdownRenderer.swift in Sources */,
				A1000000000000000000000B /* MarkdownTextEditor.swift in Sources */,
				A1000000000000000000000E /* MarkdownPositionMap.swift in Sources */,
				A1000000000000000000000F /* MarkdownAnalysis.swift in Sources */,
				A10000000000000000000010 /* DocumentContext.swift in Sources */,
				A10000000000000000000011 /* EditorSettings.swift in Sources */,
				A10000000000000000000012 /* EditorCommand.swift in Sources */,
				A10000000000000000000013 /* MarkdownLinkSyntax.swift in Sources */,
				A10000000000000000000014 /* ImageResourceManager.swift in Sources */,
				A10000000000000000000015 /* ImageEditorSheet.swift in Sources */,
				A10000000000000000000016 /* MarkdownSyntaxHighlighter.swift in Sources */,
				A10000000000000000000017 /* MarkdownLineNumberRulerView.swift in Sources */,
				A10000000000000000000018 /* MarkdownLineContinuation.swift in Sources */,
				A10000000000000000000019 /* MarkdownIndentation.swift in Sources */,
				A1000000000000000000001A /* MarkdownSymbolCompletion.swift in Sources */,
				A1000000000000000000001B /* MarkdownTableInsertion.swift in Sources */,
				A1000000000000000000001C /* TableInsertionSheet.swift in Sources */,
				A1000000000000000000001D /* EditorPreferencesView.swift in Sources */,
				A1000000000000000000001E /* DocumentAnalysisStore.swift in Sources */,
				A1000000000000000000001F /* MarkdownOutline.swift in Sources */,
				A10000000000000000000020 /* MarkdownLineIndex.swift in Sources */,
				A10000000000000000000021 /* GoToLineSheet.swift in Sources */,
				A10000000000000000000022 /* GoToHeadingSheet.swift in Sources */,
				A10000000000000000000023 /* NavigationHistory.swift in Sources */,
				A10000000000000000000024 /* MarkdownHeadingIndex.swift in Sources */,
				A10000000000000000000025 /* MarkdownDocumentLink.swift in Sources */,
				A10000000000000000000026 /* FilePathCompletion.swift in Sources */,
				A10000000000000000000027 /* MarkdownLinkCompletion.swift in Sources */,
				A10000000000000000000028 /* MarkdownURLPaste.swift in Sources */,
				A10000000000000000000029 /* MarkdownLinkDiagnostics.swift in Sources */,
				A10000000000000000000030 /* PreviewScrollSync.swift in Sources */,
				A10000000000000000000031 /* PreviewTypography.swift in Sources */,
				A10000000000000000000032 /* CodeSyntaxHighlighter.swift in Sources */,
				A10000000000000000000033 /* PreviewRenderCache.swift in Sources */,
				A10000000000000000000034 /* RegexSearch.swift in Sources */,
				A10000000000000000000035 /* RegexSearchSheet.swift in Sources */,
				A10000000000000000000036 /* MarkdownHTMLExporter.swift in Sources */,
				A10000000000000000000037 /* MarkdownPDFExporter.swift in Sources */,
				A10000000000000000000038 /* MarkdownRichClipboard.swift in Sources */,
				A10000000000000000000039 /* MarkdownPlainTextExporter.swift in Sources */,
				A10000000000000000000040 /* MarkdownExportPreset.swift in Sources */,
				A10000000000000000000041 /* MarkdownExportPresetSheet.swift in Sources */,
				A10000000000000000000042 /* WorkspaceFileIndex.swift in Sources */,
				A10000000000000000000043 /* WorkspaceQuickOpen.swift in Sources */,
				A10000000000000000000044 /* WorkspaceQuickOpenSheet.swift in Sources */,
				A10000000000000000000045 /* WorkspaceFileOperations.swift in Sources */,
				A10000000000000000000046 /* WorkspaceFileOperationSheet.swift in Sources */,
				A10000000000000000000047 /* WorkspaceViewSettings.swift in Sources */,
				A10000000000000000000048 /* WorkspaceDocumentTemplate.swift in Sources */,
				A10000000000000000000049 /* MarkdownEncodingConverter.swift in Sources */,
				A10000000000000000000050 /* MarkdownEncodingImportSheet.swift in Sources */,
				A10000000000000000000051 /* MarkdownTextFormat.swift in Sources */,
				A10000000000000000000052 /* WorkspaceSearch.swift in Sources */,
				A10000000000000000000053 /* WorkspaceSearchSheet.swift in Sources */,
				A10000000000000000000054 /* WorkspaceReplace.swift in Sources */,
				A10000000000000000000055 /* WorkspaceReplaceSheet.swift in Sources */,
				A10000000000000000000056 /* PreviewSearch.swift in Sources */,
				A10000000000000000000057 /* PreviewSearchSheet.swift in Sources */,
				A10000000000000000000058 /* WorkspaceAttachmentAudit.swift in Sources */,
				A10000000000000000000059 /* WorkspaceAttachmentAuditSheet.swift in Sources */,
				A1000000000000000000005A /* WorkspaceSnapshotHistory.swift in Sources */,
				A1000000000000000000005B /* ExternalDocumentConverter.swift in Sources */,
				A1000000000000000000005C /* RichTextMarkdownImporter.swift in Sources */,
				A1000000000000000000005D /* PortablePackageExporter.swift in Sources */,
				A1000000000000000000005E /* WorkspaceBatchExporter.swift in Sources */,
				A1000000000000000000005F /* EditorInvisibleCharacters.swift in Sources */,
				A10000000000000000000060 /* EditorShortcuts.swift in Sources */,
				A10000000000000000000062 /* ExternalDocumentOpen.swift in Sources */,
				A10000000000000000000063 /* MarkdownSafeHTML.swift in Sources */,
				A10000000000000000000064 /* MarkdownMultiSelection.swift in Sources */,
				A10000000000000000000065 /* MarkdownLinkHover.swift in Sources */,
				A10000000000000000000066 /* MarkdownMinimap.swift in Sources */,
				A10000000000000000000067 /* MarkdownInlineLivePresentation.swift in Sources */,
				A10000000000000000000068 /* TypewriterScrolling.swift in Sources */,
				A10000000000000000000069 /* TerminologyDictionary.swift in Sources */,
				A10000000000000000000070 /* WorkspaceTags.swift in Sources */,
				A10000000000000000000071 /* WorkspaceTagsSheet.swift in Sources */,
				A10000000000000000000072 /* FrontMatterProperties.swift in Sources */,
				A10000000000000000000073 /* FrontMatterPropertiesSheet.swift in Sources */,
				A10000000000000000000074 /* WorkspaceBacklinks.swift in Sources */,
				A10000000000000000000075 /* WorkspaceBacklinksSheet.swift in Sources */,
				A10000000000000000000076 /* WorkspaceWikiLinks.swift in Sources */,
				A10000000000000000000077 /* WorkspaceWikiLinkSheet.swift in Sources */,
				A10000000000000000000078 /* WorkspaceDocumentEmbed.swift in Sources */,
				A10000000000000000000079 /* WorkspaceEmbeddedDocumentView.swift in Sources */,
				A1000000000000000000007A /* WorkspaceDailyNote.swift in Sources */,
				A1000000000000000000007B /* WorkspaceDailyNoteSheet.swift in Sources */,
				A1000000000000000000007C /* WorkspaceTaskIndex.swift in Sources */,
				A1000000000000000000007D /* WorkspaceTaskSheet.swift in Sources */,
				A1000000000000000000007E /* WorkspaceLinkGraph.swift in Sources */,
				A1000000000000000000007F /* WorkspaceLinkGraphSheet.swift in Sources */,
				A10000000000000000000080 /* WorkspaceNoteOperations.swift in Sources */,
				A10000000000000000000081 /* WorkspaceNoteSplitSheet.swift in Sources */,
				A10000000000000000000082 /* WorkspaceNoteMergeSheet.swift in Sources */,
				A10000000000000000000083 /* WorkspaceNamedLayout.swift in Sources */,
				A10000000000000000000084 /* WorkspaceNamedLayoutSheet.swift in Sources */,
				A10000000000000000000085 /* WorkspaceLayoutActivation.swift in Sources */,
				A10000000000000000000086 /* MarkdownMath.swift in Sources */,
				A10000000000000000000088 /* MermaidDiagramView.swift in Sources */,
				A1000000000000000000008B /* ExternalDiagramRenderer.swift in Sources */,
				A1000000000000000000008C /* ExternalDiagramView.swift in Sources */,
				A1000000000000000000008D /* MarkdownCitations.swift in Sources */,
				A1000000000000000000008E /* MarkdownCrossReferences.swift in Sources */,
				A1000000000000000000008F /* MarkdownDefinitionList.swift in Sources */,
				A10000000000000000000090 /* MarkdownInlineExtensions.swift in Sources */,
				A10000000000000000000091 /* MarkdownEmoji.swift in Sources */,
				A10000000000000000000092 /* MarkdownMedia.swift in Sources */,
				A10000000000000000000093 /* MarkdownSlideDeck.swift in Sources */,
				A10000000000000000000094 /* MarkdownSlidePresentation.swift in Sources */,
				A10000000000000000000095 /* GitRepository.swift in Sources */,
				A10000000000000000000096 /* GitHistorySheet.swift in Sources */,
				A10000000000000000000097 /* GitCommitSheet.swift in Sources */,
				A10000000000000000000098 /* CloudFileStatus.swift in Sources */,
				A10000000000000000000099 /* CloudFileStatusSheet.swift in Sources */,
				A1000000000000000000009A /* AutomationDocumentWriter.swift in Sources */,
				A1000000000000000000009B /* DeclarativeExtension.swift in Sources */,
				A1000000000000000000009C /* Publication.swift in Sources */,
				A1000000000000000000009D /* PublicationSheet.swift in Sources */,
				A1000000000000000000009E /* CollaborativeDocument.swift in Sources */,
				A1000000000000000000009F /* CollaborationSession.swift in Sources */,
				A100000000000000000000A0 /* CollaborationSheet.swift in Sources */,
				A100000000000000000000A1 /* CollaborativeTextReplacement.swift in Sources */,
			);
			runOnlyForDeploymentPostprocessing = 0;
		};
/* End PBXSourcesBuildPhase section */

/* Begin XCBuildConfiguration section */
		B10000000000000000000001 /* Debug */ = {isa = XCBuildConfiguration; buildSettings = { CLANG_ENABLE_MODULES = YES; ENABLE_TESTABILITY = YES; MACOSX_DEPLOYMENT_TARGET = 14.0; SDKROOT = macosx; SUPPORTED_PLATFORMS = macosx; SWIFT_OPTIMIZATION_LEVEL = "-Onone"; SWIFT_VERSION = 6.0; }; name = Debug; };
		B10000000000000000000002 /* Release */ = {isa = XCBuildConfiguration; buildSettings = { CLANG_ENABLE_MODULES = YES; MACOSX_DEPLOYMENT_TARGET = 14.0; SDKROOT = macosx; SUPPORTED_PLATFORMS = macosx; SWIFT_COMPILATION_MODE = wholemodule; SWIFT_OPTIMIZATION_LEVEL = "-O"; SWIFT_VERSION = 6.0; }; name = Release; };
		B10000000000000000000003 /* Debug */ = {
			isa = XCBuildConfiguration;
			buildSettings = {
				CODE_SIGN_STYLE = Automatic;
				COMBINE_HIDPI_IMAGES = YES;
				CURRENT_PROJECT_VERSION = 1;
				DEVELOPMENT_LANGUAGE = en;
				GENERATE_INFOPLIST_FILE = NO;
				INFOPLIST_FILE = Support/Info.plist;
				MARKETING_VERSION = 1.0;
				PRODUCT_BUNDLE_IDENTIFIER = com.mktown.editor;
				PRODUCT_NAME = "$(TARGET_NAME)";
				SUPPORTED_PLATFORMS = macosx;
				SWIFT_EMIT_LOC_STRINGS = YES;
			};
			name = Debug;
		};
		B10000000000000000000004 /* Release */ = {
			isa = XCBuildConfiguration;
			buildSettings = {
				CODE_SIGN_STYLE = Automatic;
				COMBINE_HIDPI_IMAGES = YES;
				CURRENT_PROJECT_VERSION = 1;
				DEVELOPMENT_LANGUAGE = en;
				GENERATE_INFOPLIST_FILE = NO;
				INFOPLIST_FILE = Support/Info.plist;
				MARKETING_VERSION = 1.0;
				PRODUCT_BUNDLE_IDENTIFIER = com.mktown.editor;
				PRODUCT_NAME = "$(TARGET_NAME)";
				SUPPORTED_PLATFORMS = macosx;
				SWIFT_EMIT_LOC_STRINGS = YES;
			};
			name = Release;
		};
/* End XCBuildConfiguration section */

/* Begin XCRemoteSwiftPackageReference section */
		C00000000000000000000001 /* XCRemoteSwiftPackageReference "SwiftMath" */ = {
			isa = XCRemoteSwiftPackageReference;
			repositoryURL = "https://github.com/mgriebling/SwiftMath.git";
			requirement = { kind = exactVersion; version = 1.7.3; };
		};
/* End XCRemoteSwiftPackageReference section */

/* Begin XCSwiftPackageProductDependency section */
		C10000000000000000000001 /* SwiftMath */ = {
			isa = XCSwiftPackageProductDependency;
			package = C00000000000000000000001 /* XCRemoteSwiftPackageReference "SwiftMath" */;
			productName = SwiftMath;
		};
/* End XCSwiftPackageProductDependency section */

/* Begin XCConfigurationList section */
		A90000000000000000000001 /* Build configuration list for PBXProject "MKTownEditor" */ = {isa = XCConfigurationList; buildConfigurations = (B10000000000000000000001 /* Debug */, B10000000000000000000002 /* Release */); defaultConfigurationIsVisible = 0; defaultConfigurationName = Release; };
		A90000000000000000000002 /* Build configuration list for PBXNativeTarget "MKTownEditor" */ = {isa = XCConfigurationList; buildConfigurations = (B10000000000000000000003 /* Debug */, B10000000000000000000004 /* Release */); defaultConfigurationIsVisible = 0; defaultConfigurationName = Release; };
/* End XCConfigurationList section */
	};
	rootObject = A80000000000000000000001 /* Project object */;
}
